<?xml version="1.0" encoding="utf-8"?>
<Project ToolsVersion="4.0" xmlns="http://schemas.microsoft.com/developer/msbuild/2003">
  <ItemGroup>
    <Filter Include="00.Device">
      <UniqueIdentifier>{575691c0-c00a-4e06-9e0e-e515e6ce0651}</UniqueIdentifier>
    </Filter>
    <Filter Include="01.Utility">
      <UniqueIdentifier>{93c87700-aab2-4322-b256-360fd86c44c7}</UniqueIdentifier>
    </Filter>
    <Filter Include="00.Device\Graphic">
      <UniqueIdentifier>{88ff69e6-1cc6-4911-b17b-958907cf28b0}</UniqueIdentifier>
    </Filter>
    <Filter Include="00.Device\Input">
      <UniqueIdentifier>{1ffb29ea-fcd5-4929-9fdd-76d2898bec70}</UniqueIdentifier>
    </Filter>
    <Filter Include="01.Utility\99.SuperClass">
      <UniqueIdentifier>{18cd71f3-16be-4d21-849d-93d659719eda}</UniqueIdentifier>
    </Filter>
    <Filter Include="01.Utility\00.GameInstance">
      <UniqueIdentifier>{3a07eea0-5528-4165-9a4b-263a0598dba8}</UniqueIdentifier>
    </Filter>
    <Filter Include="01.Utility\01.GameObjects">
      <UniqueIdentifier>{c39a1fd9-a159-4cda-9df0-92ca38acee94}</UniqueIdentifier>
    </Filter>
    <Filter Include="01.Utility\01.GameObjects\Manager">
      <UniqueIdentifier>{e23f15ac-9228-4f3d-8a2d-64e24ba537fd}</UniqueIdentifier>
    </Filter>
    <Filter Include="01.Utility\01.GameObjects\Manager\Layer">
      <UniqueIdentifier>{ad2f09de-2ff3-47c2-b6b1-623fcccf5f84}</UniqueIdentifier>
    </Filter>
    <Filter Include="01.Utility\01.GameObjects\Camera">
      <UniqueIdentifier>{bbc74ff0-852b-4434-9040-4a558c9dfe5e}</UniqueIdentifier>
    </Filter>
    <Filter Include="01.Utility\02.Components">
      <UniqueIdentifier>{48c7c65c-7362-41ea-a460-905ff511629f}</UniqueIdentifier>
    </Filter>
    <Filter Include="01.Utility\02.Components\Manager">
      <UniqueIdentifier>{9a25d0bd-b87d-44f6-bfce-fb32c1047b59}</UniqueIdentifier>
    </Filter>
    <Filter Include="99.Defines">
      <UniqueIdentifier>{5316adfe-c8f3-42a2-a7dd-f7bb55fde1d2}</UniqueIdentifier>
    </Filter>
    <Filter Include="01.Utility\03.Levels">
      <UniqueIdentifier>{e1b5e4f5-524e-4d5d-a97f-dda8f3b6fbee}</UniqueIdentifier>
    </Filter>
    <Filter Include="01.Utility\03.Levels\Manager">
      <UniqueIdentifier>{733be629-237a-48c5-a212-b47528d35f6c}</UniqueIdentifier>
    </Filter>
    <Filter Include="00.Device\Timers">
      <UniqueIdentifier>{2276b046-b4ba-44b9-bee5-454bd47d9596}</UniqueIdentifier>
    </Filter>
    <Filter Include="00.Device\Timers\Manager">
      <UniqueIdentifier>{2396b3ce-bf2e-4910-bb35-d6b5f6434bee}</UniqueIdentifier>
    </Filter>
    <Filter Include="01.Utility\04.Renderer">
      <UniqueIdentifier>{8f95be06-5b9d-4c53-ad7c-8df949da1544}</UniqueIdentifier>
    </Filter>
    <Filter Include="01.Utility\02.Components\VIBuffer">
      <UniqueIdentifier>{1940cc1c-6655-4f3c-a49a-2193d5054bb3}</UniqueIdentifier>
    </Filter>
    <Filter Include="01.Utility\02.Components\VIBuffer\Rect">
      <UniqueIdentifier>{6dde1500-565b-4a82-a05d-b8d03aba94d7}</UniqueIdentifier>
    </Filter>
    <Filter Include="01.Utility\02.Components\Shader">
      <UniqueIdentifier>{d829722f-8a2c-45ef-aa1f-2e16eaeab6e4}</UniqueIdentifier>
    </Filter>
    <Filter Include="01.Utility\02.Components\Texture">
      <UniqueIdentifier>{9de9f040-02a7-4b57-bb39-32b5838ccbc4}</UniqueIdentifier>
    </Filter>
    <Filter Include="01.Utility\02.Components\Transform">
      <UniqueIdentifier>{a4fe3244-dc22-4f2e-bd46-0d18f62e319d}</UniqueIdentifier>
    </Filter>
    <Filter Include="01.Utility\02.Components\VIBuffer\Terrain">
      <UniqueIdentifier>{89297f44-d55f-410a-8775-c46be70956ca}</UniqueIdentifier>
    </Filter>
    <Filter Include="01.Utility\05.PipeLine">
      <UniqueIdentifier>{e73d6f4c-fcb1-4dd7-8eda-07c425382070}</UniqueIdentifier>
    </Filter>
    <Filter Include="01.Utility\02.Components\Model">
      <UniqueIdentifier>{f32af71d-a6ec-4517-8259-1681349b63d0}</UniqueIdentifier>
    </Filter>
    <Filter Include="01.Utility\02.Components\Model\Mesh">
      <UniqueIdentifier>{d9563a72-a00b-4c07-9b9c-b44c7cd12d17}</UniqueIdentifier>
    </Filter>
    <Filter Include="01.Utility\02.Components\VIBuffer\Line">
      <UniqueIdentifier>{a0299024-3a2e-4e5f-9407-ddf0405a0bf7}</UniqueIdentifier>
    </Filter>
    <Filter Include="01.Utility\02.Components\Model\Bone">
      <UniqueIdentifier>{3ff149ad-a6cc-405c-b8a3-c29c70bb209e}</UniqueIdentifier>
    </Filter>
    <Filter Include="01.Utility\90.Picking">
      <UniqueIdentifier>{ed51a42f-d96e-4cd6-805a-868138dd7e67}</UniqueIdentifier>
    </Filter>
    <Filter Include="01.Utility\02.Components\Model\Animation">
      <UniqueIdentifier>{70989221-1f3b-4c14-ac03-188829c9521c}</UniqueIdentifier>
    </Filter>
    <Filter Include="01.Utility\02.Components\Model\Animation\Channel">
      <UniqueIdentifier>{13398419-1b33-4a9e-bbda-1ceef3bcc10b}</UniqueIdentifier>
    </Filter>
    <Filter Include="01.Utility\02.Components\FSM">
      <UniqueIdentifier>{a2882d67-093b-4547-8f60-c07fef52a31d}</UniqueIdentifier>
    </Filter>
    <Filter Include="01.Utility\02.Components\FSM\State">
      <UniqueIdentifier>{6e3f584b-70d6-4b7f-9314-6531bdc5ddec}</UniqueIdentifier>
    </Filter>
    <Filter Include="01.Utility\06.Lights">
      <UniqueIdentifier>{93e1801e-44b0-413b-b91f-ecf1bb374fcb}</UniqueIdentifier>
    </Filter>
    <Filter Include="01.Utility\06.Lights\Manager">
      <UniqueIdentifier>{bb4b3ff0-5b8a-45e3-a75c-92403abc210c}</UniqueIdentifier>
    </Filter>
    <Filter Include="01.Utility\01.GameObjects\PartObject">
      <UniqueIdentifier>{dad279cc-4130-4b8c-98bf-0d6992ea4d56}</UniqueIdentifier>
    </Filter>
    <Filter Include="01.Utility\02.Components\Collider">
      <UniqueIdentifier>{d7a4f122-b374-4235-aecb-d8ef61ea4fc7}</UniqueIdentifier>
    </Filter>
    <Filter Include="01.Utility\02.Components\Collider\Bounding">
      <UniqueIdentifier>{1d9bb25e-b7c8-4b6d-a541-42c3cb9b3767}</UniqueIdentifier>
    </Filter>
    <Filter Include="01.Utility\02.Components\Collider\DebugDraw">
      <UniqueIdentifier>{c31325e1-e50e-420a-800e-6b869fc73f30}</UniqueIdentifier>
    </Filter>
    <Filter Include="01.Utility\02.Components\Collider\Bounding\AABB">
      <UniqueIdentifier>{bc608715-1ad3-4ba0-ba45-c3c308b08888}</UniqueIdentifier>
    </Filter>
    <Filter Include="01.Utility\02.Components\Collider\Bounding\OBB">
      <UniqueIdentifier>{b84da58b-becc-4cea-b0fc-43783a25b0fc}</UniqueIdentifier>
    </Filter>
    <Filter Include="01.Utility\02.Components\Collider\Bounding\Sphere">
      <UniqueIdentifier>{cebcbac9-2281-437b-b928-dd0fb3189c30}</UniqueIdentifier>
    </Filter>
    <Filter Include="01.Utility\02.Components\Navigation">
      <UniqueIdentifier>{6af3bcd2-51c0-4632-b5be-d4fe9daee619}</UniqueIdentifier>
    </Filter>
    <Filter Include="01.Utility\02.Components\Navigation\Cell">
      <UniqueIdentifier>{4e75dac7-8d86-4bbd-9283-4854e6773cd4}</UniqueIdentifier>
    </Filter>
    <Filter Include="01.Utility\02.Components\VIBuffer\Cell">
      <UniqueIdentifier>{7838e4b2-56f6-4b3f-92b2-7a90613f3941}</UniqueIdentifier>
    </Filter>
    <Filter Include="98.ShaderFiles">
      <UniqueIdentifier>{e46ef061-99a0-4ddb-b51f-51d408898caa}</UniqueIdentifier>
    </Filter>
    <Filter Include="01.Utility\08.Observer">
      <UniqueIdentifier>{0d237c6e-d231-4fa4-945c-40b7d0c69fb8}</UniqueIdentifier>
    </Filter>
    <Filter Include="01.Utility\08.Observer\Handler">
      <UniqueIdentifier>{bf2ee945-08e9-47f6-beaa-c573e2bbbda0}</UniqueIdentifier>
    </Filter>
    <Filter Include="01.Utility\07.Fonts">
      <UniqueIdentifier>{756656b7-918c-4a97-bf0b-19dd194333e8}</UniqueIdentifier>
    </Filter>
    <Filter Include="01.Utility\07.Fonts\Manager">
      <UniqueIdentifier>{07f71a02-11e8-44d5-926c-b46ee2c7e387}</UniqueIdentifier>
    </Filter>
  </ItemGroup>
  <ItemGroup>
    <ClCompile Include="..\Private\Base.cpp">
      <Filter>01.Utility\99.SuperClass</Filter>
    </ClCompile>
    <ClCompile Include="..\Private\GameInstance.cpp">
      <Filter>01.Utility\00.GameInstance</Filter>
    </ClCompile>
    <ClCompile Include="..\Private\GameObject.cpp">
      <Filter>01.Utility\01.GameObjects</Filter>
    </ClCompile>
    <ClCompile Include="..\Private\Object_Manager.cpp">
      <Filter>01.Utility\01.GameObjects\Manager</Filter>
    </ClCompile>
    <ClCompile Include="..\Private\Layer.cpp">
      <Filter>01.Utility\01.GameObjects\Manager\Layer</Filter>
    </ClCompile>
    <ClCompile Include="..\Private\Camera.cpp">
      <Filter>01.Utility\01.GameObjects\Camera</Filter>
    </ClCompile>
    <ClCompile Include="..\Private\Component.cpp">
      <Filter>01.Utility\02.Components</Filter>
    </ClCompile>
    <ClCompile Include="..\Private\Component_Manager.cpp">
      <Filter>01.Utility\02.Components\Manager</Filter>
    </ClCompile>
    <ClCompile Include="..\Private\Level.cpp">
      <Filter>01.Utility\03.Levels</Filter>
    </ClCompile>
    <ClCompile Include="..\Private\Level_Manager.cpp">
      <Filter>01.Utility\03.Levels\Manager</Filter>
    </ClCompile>
    <ClCompile Include="..\Private\Timer.cpp">
      <Filter>00.Device\Timers</Filter>
    </ClCompile>
    <ClCompile Include="..\Private\Timer_Manager.cpp">
      <Filter>00.Device\Timers\Manager</Filter>
    </ClCompile>
    <ClCompile Include="..\Private\Renderer.cpp">
      <Filter>01.Utility\04.Renderer</Filter>
    </ClCompile>
    <ClCompile Include="..\Private\Graphic_Device.cpp">
      <Filter>00.Device\Graphic</Filter>
    </ClCompile>
    <ClCompile Include="..\private\VIBuffer.cpp">
      <Filter>01.Utility\02.Components\VIBuffer</Filter>
    </ClCompile>
    <ClCompile Include="..\private\VIBuffer_Rect.cpp">
      <Filter>01.Utility\02.Components\VIBuffer\Rect</Filter>
    </ClCompile>
    <ClCompile Include="..\private\Shader.cpp">
      <Filter>01.Utility\02.Components\Shader</Filter>
    </ClCompile>
    <ClCompile Include="..\Public\Engine_Struct.cpp">
      <Filter>99.Defines</Filter>
    </ClCompile>
    <ClCompile Include="..\private\Texture.cpp">
      <Filter>01.Utility\02.Components\Texture</Filter>
    </ClCompile>
    <ClCompile Include="..\Private\Transform.cpp">
      <Filter>01.Utility\02.Components\Transform</Filter>
    </ClCompile>
    <ClCompile Include="..\Private\VIBuffer_Terrain.cpp">
      <Filter>01.Utility\02.Components\VIBuffer\Terrain</Filter>
    </ClCompile>
    <ClCompile Include="..\Private\PipeLine.cpp">
      <Filter>01.Utility\05.PipeLine</Filter>
    </ClCompile>
    <ClCompile Include="..\Private\Input_Device.cpp">
      <Filter>00.Device\Input</Filter>
    </ClCompile>
    <ClCompile Include="..\Private\Model.cpp">
      <Filter>01.Utility\02.Components\Model</Filter>
    </ClCompile>
    <ClCompile Include="..\Private\Mesh.cpp">
      <Filter>01.Utility\02.Components\Model\Mesh</Filter>
    </ClCompile>
    <ClCompile Include="..\Private\VIBuffer_Line.cpp">
      <Filter>01.Utility\02.Components\VIBuffer\Line</Filter>
    </ClCompile>
    <ClCompile Include="..\Private\Bone.cpp">
      <Filter>01.Utility\02.Components\Model\Bone</Filter>
    </ClCompile>
    <ClCompile Include="..\Private\Picking.cpp">
      <Filter>01.Utility\90.Picking</Filter>
    </ClCompile>
    <ClCompile Include="..\Private\Channel.cpp">
      <Filter>01.Utility\02.Components\Model\Animation\Channel</Filter>
    </ClCompile>
    <ClCompile Include="..\Private\Animation.cpp">
      <Filter>01.Utility\02.Components\Model\Animation</Filter>
    </ClCompile>
    <ClCompile Include="..\Private\FSM.cpp">
      <Filter>01.Utility\02.Components\FSM</Filter>
    </ClCompile>
    <ClCompile Include="..\Private\FSM_State.cpp">
      <Filter>01.Utility\02.Components\FSM\State</Filter>
    </ClCompile>
    <ClCompile Include="..\Private\Light.cpp">
      <Filter>01.Utility\06.Lights</Filter>
    </ClCompile>
    <ClCompile Include="..\Private\Light_Manager.cpp">
      <Filter>01.Utility\06.Lights\Manager</Filter>
    </ClCompile>
    <ClCompile Include="..\Private\Observer.cpp">
      <Filter>01.Utility\08.Observer</Filter>
    </ClCompile>
    <ClCompile Include="..\Private\Observer_Handler.cpp">
      <Filter>01.Utility\08.Observer\Handler</Filter>
    </ClCompile>
    <ClCompile Include="..\Private\PartObject.cpp">
      <Filter>01.Utility\01.GameObjects\PartObject</Filter>
    </ClCompile>
    <ClCompile Include="..\Private\Bounding.cpp">
      <Filter>01.Utility\02.Components\Collider\Bounding</Filter>
    </ClCompile>
    <ClCompile Include="..\Private\Collider.cpp">
      <Filter>01.Utility\02.Components\Collider</Filter>
    </ClCompile>
    <ClCompile Include="..\Private\Bounding_AABB.cpp">
      <Filter>01.Utility\02.Components\Collider\Bounding\AABB</Filter>
    </ClCompile>
    <ClCompile Include="..\Private\Bounding_OBB.cpp">
      <Filter>01.Utility\02.Components\Collider\Bounding\OBB</Filter>
    </ClCompile>
    <ClCompile Include="..\Private\Bounding_Sphere.cpp">
      <Filter>01.Utility\02.Components\Collider\Bounding\Sphere</Filter>
    </ClCompile>
    <ClCompile Include="..\Private\DebugDraw.cpp">
      <Filter>01.Utility\02.Components\Collider\DebugDraw</Filter>
    </ClCompile>
    <ClCompile Include="..\Private\Cell.cpp">
      <Filter>01.Utility\02.Components\Navigation\Cell</Filter>
    </ClCompile>
    <ClCompile Include="..\Private\Navigation.cpp">
      <Filter>01.Utility\02.Components\Navigation</Filter>
    </ClCompile>
    <ClCompile Include="..\Private\VIBuffer_Cell.cpp">
      <Filter>01.Utility\02.Components\VIBuffer\Cell</Filter>
    </ClCompile>
    <ClCompile Include="..\Private\CustomFont.cpp">
      <Filter>01.Utility\07.Fonts</Filter>
    </ClCompile>
    <ClCompile Include="..\Private\Font_Manager.cpp">
      <Filter>01.Utility\07.Fonts\Manager</Filter>
    </ClCompile>
  </ItemGroup>
  <ItemGroup>
    <ClInclude Include="..\Public\Base.h">
      <Filter>01.Utility\99.SuperClass</Filter>
    </ClInclude>
    <ClInclude Include="..\Public\GameInstance.h">
      <Filter>01.Utility\00.GameInstance</Filter>
    </ClInclude>
    <ClInclude Include="..\Public\GameObject.h">
      <Filter>01.Utility\01.GameObjects</Filter>
    </ClInclude>
    <ClInclude Include="..\Public\Object_Manager.h">
      <Filter>01.Utility\01.GameObjects\Manager</Filter>
    </ClInclude>
    <ClInclude Include="..\Public\Layer.h">
      <Filter>01.Utility\01.GameObjects\Manager\Layer</Filter>
    </ClInclude>
    <ClInclude Include="..\Public\Camera.h">
      <Filter>01.Utility\01.GameObjects\Camera</Filter>
    </ClInclude>
    <ClInclude Include="..\Public\Component.h">
      <Filter>01.Utility\02.Components</Filter>
    </ClInclude>
    <ClInclude Include="..\Public\Component_Manager.h">
      <Filter>01.Utility\02.Components\Manager</Filter>
    </ClInclude>
    <ClInclude Include="..\Public\Engine_Defines.h">
      <Filter>99.Defines</Filter>
    </ClInclude>
    <ClInclude Include="..\Public\Engine_Function.h">
      <Filter>99.Defines</Filter>
    </ClInclude>
    <ClInclude Include="..\Public\Engine_Macro.h">
      <Filter>99.Defines</Filter>
    </ClInclude>
    <ClInclude Include="..\Public\Engine_Typedef.h">
      <Filter>99.Defines</Filter>
    </ClInclude>
    <ClInclude Include="..\Public\Level.h">
      <Filter>01.Utility\03.Levels</Filter>
    </ClInclude>
    <ClInclude Include="..\Public\Level_Manager.h">
      <Filter>01.Utility\03.Levels\Manager</Filter>
    </ClInclude>
    <ClInclude Include="..\Public\Timer.h">
      <Filter>00.Device\Timers</Filter>
    </ClInclude>
    <ClInclude Include="..\Public\Timer_Manager.h">
      <Filter>00.Device\Timers\Manager</Filter>
    </ClInclude>
    <ClInclude Include="..\Public\Renderer.h">
      <Filter>01.Utility\04.Renderer</Filter>
    </ClInclude>
    <ClInclude Include="..\Public\Graphic_Device.h">
      <Filter>00.Device\Graphic</Filter>
    </ClInclude>
    <ClInclude Include="..\public\VIBuffer.h">
      <Filter>01.Utility\02.Components\VIBuffer</Filter>
    </ClInclude>
    <ClInclude Include="..\public\VIBuffer_Rect.h">
      <Filter>01.Utility\02.Components\VIBuffer\Rect</Filter>
    </ClInclude>
    <ClInclude Include="..\public\Shader.h">
      <Filter>01.Utility\02.Components\Shader</Filter>
    </ClInclude>
    <ClInclude Include="..\Public\Engine_Struct.h">
      <Filter>99.Defines</Filter>
    </ClInclude>
    <ClInclude Include="..\public\Texture.h">
      <Filter>01.Utility\02.Components\Texture</Filter>
    </ClInclude>
    <ClInclude Include="..\Public\Transform.h">
      <Filter>01.Utility\02.Components\Transform</Filter>
    </ClInclude>
    <ClInclude Include="..\Public\VIBuffer_Terrain.h">
      <Filter>01.Utility\02.Components\VIBuffer\Terrain</Filter>
    </ClInclude>
    <ClInclude Include="..\Public\PipeLine.h">
      <Filter>01.Utility\05.PipeLine</Filter>
    </ClInclude>
    <ClInclude Include="..\Public\Input_Device.h">
      <Filter>00.Device\Input</Filter>
    </ClInclude>
    <ClInclude Include="..\Public\Model.h">
      <Filter>01.Utility\02.Components\Model</Filter>
    </ClInclude>
    <ClInclude Include="..\Public\Mesh.h">
      <Filter>01.Utility\02.Components\Model\Mesh</Filter>
    </ClInclude>
    <ClInclude Include="..\Public\VIBuffer_Line.h">
      <Filter>01.Utility\02.Components\VIBuffer\Line</Filter>
    </ClInclude>
    <ClInclude Include="..\Public\Bone.h">
      <Filter>01.Utility\02.Components\Model\Bone</Filter>
    </ClInclude>
    <ClInclude Include="..\Public\Picking.h">
      <Filter>01.Utility\90.Picking</Filter>
    </ClInclude>
    <ClInclude Include="..\Public\Channel.h">
      <Filter>01.Utility\02.Components\Model\Animation\Channel</Filter>
    </ClInclude>
    <ClInclude Include="..\Public\Animation.h">
      <Filter>01.Utility\02.Components\Model\Animation</Filter>
    </ClInclude>
    <ClInclude Include="..\Public\FSM.h">
      <Filter>01.Utility\02.Components\FSM</Filter>
    </ClInclude>
    <ClInclude Include="..\Public\FSM_State.h">
      <Filter>01.Utility\02.Components\FSM\State</Filter>
    </ClInclude>
    <ClInclude Include="..\Public\Light.h">
      <Filter>01.Utility\06.Lights</Filter>
    </ClInclude>
    <ClInclude Include="..\Public\Light_Manager.h">
      <Filter>01.Utility\06.Lights\Manager</Filter>
    </ClInclude>
    <ClInclude Include="..\Public\Observer.h">
      <Filter>01.Utility\08.Observer</Filter>
    </ClInclude>
    <ClInclude Include="..\Public\Observer_Handler.h">
      <Filter>01.Utility\08.Observer\Handler</Filter>
    </ClInclude>
    <ClInclude Include="..\Public\PartObject.h">
      <Filter>01.Utility\01.GameObjects\PartObject</Filter>
    </ClInclude>
    <ClInclude Include="..\Public\Bounding.h">
      <Filter>01.Utility\02.Components\Collider\Bounding</Filter>
    </ClInclude>
    <ClInclude Include="..\Public\Collider.h">
      <Filter>01.Utility\02.Components\Collider</Filter>
    </ClInclude>
    <ClInclude Include="..\Public\Bounding_AABB.h">
      <Filter>01.Utility\02.Components\Collider\Bounding\AABB</Filter>
    </ClInclude>
    <ClInclude Include="..\Public\Bounding_OBB.h">
      <Filter>01.Utility\02.Components\Collider\Bounding\OBB</Filter>
    </ClInclude>
    <ClInclude Include="..\Public\Bounding_Sphere.h">
      <Filter>01.Utility\02.Components\Collider\Bounding\Sphere</Filter>
    </ClInclude>
    <ClInclude Include="..\Public\DebugDraw.h">
      <Filter>01.Utility\02.Components\Collider\DebugDraw</Filter>
    </ClInclude>
    <ClInclude Include="..\Public\Cell.h">
      <Filter>01.Utility\02.Components\Navigation\Cell</Filter>
    </ClInclude>
    <ClInclude Include="..\Public\Navigation.h">
      <Filter>01.Utility\02.Components\Navigation</Filter>
    </ClInclude>
    <ClInclude Include="..\Public\VIBuffer_Cell.h">
      <Filter>01.Utility\02.Components\VIBuffer\Cell</Filter>
    </ClInclude>
    <ClInclude Include="..\Public\CustomFont.h">
      <Filter>01.Utility\07.Fonts</Filter>
    </ClInclude>
    <ClInclude Include="..\Public\Font_Manager.h">
      <Filter>01.Utility\07.Fonts\Manager</Filter>
    </ClInclude>
  </ItemGroup>
  <ItemGroup>
    <FxCompile Include="..\Bin\ShaderFiles\Shader_Cell.hlsl">
      <Filter>98.ShaderFiles</Filter>
    </FxCompile>
  </ItemGroup>
</Project>