<?xml version="1.0" encoding="utf-8"?>
<Project ToolsVersion="4.0" xmlns="http://schemas.microsoft.com/developer/msbuild/2003">
  <ItemGroup>
    <Filter Include="00.MainApp">
      <UniqueIdentifier>{e8c1446f-d68b-429c-803b-6a9457cc52fa}</UniqueIdentifier>
    </Filter>
    <Filter Include="99.Defines">
      <UniqueIdentifier>{ce854a45-6a35-475d-8655-cb379d1be032}</UniqueIdentifier>
    </Filter>
    <Filter Include="01.Levels">
      <UniqueIdentifier>{cc644f60-4ecb-49a8-8586-e9c4ccbdb419}</UniqueIdentifier>
    </Filter>
    <Filter Include="98.Default">
      <UniqueIdentifier>{00a0e8fc-8926-4877-aa3c-b6cc3ff3f072}</UniqueIdentifier>
    </Filter>
    <Filter Include="01.Levels\GamePlay">
      <UniqueIdentifier>{8b1d5579-1fb9-493c-96b9-62d618153e5d}</UniqueIdentifier>
    </Filter>
    <Filter Include="02.GameObjects">
      <UniqueIdentifier>{c4cae272-dd94-43ce-85e6-ecc0b24de4d0}</UniqueIdentifier>
    </Filter>
    <Filter Include="02.GameObjects\BackGround">
      <UniqueIdentifier>{ef3d146c-47a4-4cea-8ab8-0d3efb6a9884}</UniqueIdentifier>
    </Filter>
    <Filter Include="02.GameObjects\Camera">
      <UniqueIdentifier>{9ac80f32-39cd-468a-a089-e5cd491c3d5e}</UniqueIdentifier>
    </Filter>
    <Filter Include="98.Default\Imgui">
      <UniqueIdentifier>{6d97fb8b-935c-4f4b-85d0-6f22d6548367}</UniqueIdentifier>
    </Filter>
    <Filter Include="01.Levels\MapTool">
      <UniqueIdentifier>{f23c3697-1995-440e-b6ce-e19a6e822022}</UniqueIdentifier>
    </Filter>
    <Filter Include="98.Default\Default">
      <UniqueIdentifier>{785578c5-9a72-4fed-befd-94998f7ecf0e}</UniqueIdentifier>
    </Filter>
    <Filter Include="01.Levels\Logo">
      <UniqueIdentifier>{7fa67ac9-2f2d-435f-bf35-849f5cbedd3c}</UniqueIdentifier>
    </Filter>
    <Filter Include="01.Levels\00. Loading">
      <UniqueIdentifier>{783aa7d0-e4a9-47f3-b857-f5b824dad2b8}</UniqueIdentifier>
    </Filter>
    <Filter Include="01.Levels\00. Loading\Loader">
      <UniqueIdentifier>{17ab5a45-d880-40f6-b518-e747936c79d3}</UniqueIdentifier>
    </Filter>
    <Filter Include="02.GameObjects\MapObject">
      <UniqueIdentifier>{8ea06343-b051-48e6-8df6-14ef0dfc9672}</UniqueIdentifier>
    </Filter>
    <Filter Include="01.Levels\Parsing">
      <UniqueIdentifier>{2c2434a8-8e10-4ec5-a4ec-8dca89b9d087}</UniqueIdentifier>
    </Filter>
    <Filter Include="01.Levels\Field">
      <UniqueIdentifier>{2e0265c2-3472-44b1-8b2e-4f0c0222b245}</UniqueIdentifier>
    </Filter>
    <Filter Include="02.GameObjects\Chr">
      <UniqueIdentifier>{0b76502d-da7c-4568-9932-fffd3ca18563}</UniqueIdentifier>
    </Filter>
    <Filter Include="97.ShaderFiles">
      <UniqueIdentifier>{d6e2a203-34e3-4d2d-a018-b7392a4f907f}</UniqueIdentifier>
    </Filter>
    <Filter Include="02.GameObjects\Camera\Camera_Field">
      <UniqueIdentifier>{f99eeff5-6bdb-4186-92c5-2ab693299622}</UniqueIdentifier>
    </Filter>
    <Filter Include="02.GameObjects\Chr\Chr_Field">
      <UniqueIdentifier>{b1dad8bd-cbf0-49d0-973a-14e7657f0613}</UniqueIdentifier>
    </Filter>
    <Filter Include="02.GameObjects\Chr\Chr_Field\State">
      <UniqueIdentifier>{1804b0d5-9511-4e0f-ae93-084f61cf75b3}</UniqueIdentifier>
    </Filter>
    <Filter Include="02.GameObjects\Chr\Chr_Field\State\Chr_Field_State_Idle">
      <UniqueIdentifier>{0e1ee73d-1520-4164-b2c0-bff32003431a}</UniqueIdentifier>
    </Filter>
    <Filter Include="02.GameObjects\Chr\Chr_Field\State\Chr_Field_State_Move">
      <UniqueIdentifier>{36b88fe8-77e2-40e2-91e5-20b7823000c9}</UniqueIdentifier>
    </Filter>
    <Filter Include="02.GameObjects\Chr\Chr_Field\State\Chr_Field_State_Walk">
      <UniqueIdentifier>{da510b5f-b40f-4a3f-8087-a1d2394ba8a1}</UniqueIdentifier>
    </Filter>
    <Filter Include="02.GameObjects\Chr\Chr_Field\State\Chr_Field_State_Battle_Begin">
      <UniqueIdentifier>{42d4cdc1-10d7-4fa2-8a77-664a3d640849}</UniqueIdentifier>
    </Filter>
    <Filter Include="02.GameObjects\Chr\Chr_Field\State\Chr_Field_State_Item">
      <UniqueIdentifier>{60c78af1-10d7-4383-82ac-398c7b19420c}</UniqueIdentifier>
    </Filter>
    <Filter Include="02.GameObjects\For_Study">
      <UniqueIdentifier>{fc382d2b-1336-4fe5-b11e-bf66fa888959}</UniqueIdentifier>
    </Filter>
    <Filter Include="02.GameObjects\For_Study\Terrain">
      <UniqueIdentifier>{b741feae-f4f3-48ab-8434-c15caeee4e38}</UniqueIdentifier>
    </Filter>
    <Filter Include="02.GameObjects\For_Study\Monster">
      <UniqueIdentifier>{e197b717-c7cd-4f12-87ea-66937e11f1b7}</UniqueIdentifier>
    </Filter>
    <Filter Include="02.GameObjects\For_Study\Player">
      <UniqueIdentifier>{46e1137b-286d-4161-aff2-58514f47a53b}</UniqueIdentifier>
    </Filter>
    <Filter Include="02.GameObjects\For_Study\Player\Body_Player">
      <UniqueIdentifier>{002c91ed-9f70-43a3-a5e2-13ed005a3937}</UniqueIdentifier>
    </Filter>
    <Filter Include="02.GameObjects\For_Study\Player\Weapon">
      <UniqueIdentifier>{a7c2498c-35b0-4888-b789-8267d0cae2f2}</UniqueIdentifier>
    </Filter>
    <Filter Include="02.GameObjects\Chr\Chr_Battle">
      <UniqueIdentifier>{1b0492e4-fae8-4447-a30f-17546dff61dd}</UniqueIdentifier>
    </Filter>
    <Filter Include="02.GameObjects\Chr\Chr_Battle\Light">
      <UniqueIdentifier>{39381c72-b29e-425f-933c-b325ea647517}</UniqueIdentifier>
    </Filter>
    <Filter Include="02.GameObjects\Chr\Chr_Battle\Light\State">
      <UniqueIdentifier>{4f77da41-38da-403f-ace5-f03a6fbf8ad2}</UniqueIdentifier>
    </Filter>
    <Filter Include="01.Levels\Battle">
      <UniqueIdentifier>{4c83c9f4-eec9-496e-adfa-8c2a87addec6}</UniqueIdentifier>
    </Filter>
    <Filter Include="03.UI">
      <UniqueIdentifier>{26f02351-70da-4d79-be15-7d457a3942b0}</UniqueIdentifier>
    </Filter>
    <Filter Include="03.UI\Battle">
      <UniqueIdentifier>{11340012-f2f1-441d-a89c-9116c891eb0c}</UniqueIdentifier>
    </Filter>
    <Filter Include="03.UI\Battle\UI_ATB">
      <UniqueIdentifier>{fcc5f916-5163-4474-96c9-ad0a28c57986}</UniqueIdentifier>
    </Filter>
    <Filter Include="03.UI\Battle\Player_Battle">
      <UniqueIdentifier>{b5821835-d92a-4fd4-aafb-769a33ed0e5a}</UniqueIdentifier>
    </Filter>
    <Filter Include="03.UI\Battle\UI_Pnal">
      <UniqueIdentifier>{fab70c61-7430-46ae-acbd-4a14299e7ac4}</UniqueIdentifier>
    </Filter>
    <Filter Include="03.UI\Battle\UI_Cursor">
      <UniqueIdentifier>{8988a428-1f6c-464b-9eb8-2b2002989556}</UniqueIdentifier>
    </Filter>
    <Filter Include="03.UI\Battle\UI_Pnal\UI_Pnal_Attack">
      <UniqueIdentifier>{89672019-5e9b-490b-9879-3731d92e0cb7}</UniqueIdentifier>
    </Filter>
    <Filter Include="03.UI\Battle\UI_Pnal\UI_Pnal_Item">
      <UniqueIdentifier>{8ae775f8-3fa0-4eea-85dc-226b83fca0de}</UniqueIdentifier>
    </Filter>
    <Filter Include="03.UI\Battle\Player_Battle\Stage">
      <UniqueIdentifier>{1bc4f72c-01cb-4692-9cac-a3e23be5c581}</UniqueIdentifier>
    </Filter>
    <Filter Include="03.UI\Battle\Player_Battle\Stage\UI_Battle_Stage_Command">
      <UniqueIdentifier>{74f80acb-4b13-4062-8004-fe90110afb38}</UniqueIdentifier>
    </Filter>
    <Filter Include="03.UI\Battle\Player_Battle\Stage\UI_Battle_Stage_Item">
      <UniqueIdentifier>{0a91e821-e0ef-4cc1-be58-e4123098482e}</UniqueIdentifier>
    </Filter>
    <Filter Include="03.UI\Battle\Player_Battle\Stage\UI_Battle_Stage_Select">
      <UniqueIdentifier>{2d5efb4e-6630-457e-92c5-a34022573405}</UniqueIdentifier>
    </Filter>
    <Filter Include="03.UI\Battle\Player_Battle\Stage\UI_Battle_Stage_Target">
      <UniqueIdentifier>{bfec82ff-10c8-4871-ba0e-13fda9ca6827}</UniqueIdentifier>
    </Filter>
    <Filter Include="03.UI\Battle\Player_Battle\Stage\UI_Battle_Stage_Target_Member">
      <UniqueIdentifier>{c1a6c6d9-61b5-4039-9069-9bbfcad5aac4}</UniqueIdentifier>
    </Filter>
    <Filter Include="03.UI\Battle\Player_Battle\Stage\UI_Battle_Stage_Wait">
      <UniqueIdentifier>{87f153bf-279c-4a22-a90e-367cdcd5a7aa}</UniqueIdentifier>
    </Filter>
    <Filter Include="02.GameObjects\Chr\Chr_Battle\Sazh">
      <UniqueIdentifier>{d3b92d5d-3914-462f-b1e4-68407e2f9a03}</UniqueIdentifier>
    </Filter>
    <Filter Include="02.GameObjects\Chr\Chr_Battle\Vanila">
      <UniqueIdentifier>{5f29861d-d01c-49b5-8409-3f45b9d292c4}</UniqueIdentifier>
    </Filter>
    <Filter Include="02.GameObjects\Chr\Chr_Battle\Sazh\State">
      <UniqueIdentifier>{37ed52e6-503b-4a14-961f-099f062f4b66}</UniqueIdentifier>
    </Filter>
    <Filter Include="02.GameObjects\Chr\Chr_Battle\Sazh\State\Chr_Battle_Sazh_State_Idle">
      <UniqueIdentifier>{63d33f5b-8e51-48bc-9709-b3b605e5528b}</UniqueIdentifier>
    </Filter>
    <Filter Include="02.GameObjects\Chr\Chr_Battle\Light\State\Chr_Battle_Light_State_Finish">
      <UniqueIdentifier>{247965c5-0206-42b3-a48d-7e7cef73b739}</UniqueIdentifier>
    </Filter>
    <Filter Include="02.GameObjects\Chr\Chr_Battle\Light\State\Chr_Battle_Light_State_Dead">
      <UniqueIdentifier>{0831c19d-8056-4f5c-9fd5-07785dba5e3f}</UniqueIdentifier>
    </Filter>
    <Filter Include="02.GameObjects\Chr\Chr_Battle\Light\State\Chr_Battle_Light_State_Attack">
      <UniqueIdentifier>{1cc222e9-6687-4762-a7a4-f194e1f28ed2}</UniqueIdentifier>
    </Filter>
    <Filter Include="02.GameObjects\Chr\Chr_Battle\Light\State\Chr_Battle_Light_State_Hit">
      <UniqueIdentifier>{ed77c07f-dfa2-487a-b818-16b9c913d231}</UniqueIdentifier>
    </Filter>
    <Filter Include="02.GameObjects\Chr\Chr_Battle\Light\State\Chr_Battle_Light_State_Idle">
      <UniqueIdentifier>{f8cded0f-694e-4321-b443-ed63d07fbdd5}</UniqueIdentifier>
    </Filter>
    <Filter Include="02.GameObjects\Chr\Chr_Battle\Light\State\Chr_Battle_Light_State_Item">
      <UniqueIdentifier>{0273c261-ecd2-4f62-9865-b4483682fdff}</UniqueIdentifier>
    </Filter>
    <Filter Include="02.GameObjects\Chr\Chr_Battle\Light\State\Chr_Battle_Light_State_Prepare">
      <UniqueIdentifier>{f889615a-48b7-41c8-9a36-aa36c3b178d9}</UniqueIdentifier>
    </Filter>
    <Filter Include="02.GameObjects\Chr\Chr_Battle\Sazh\State\Chr_Battle_Sazh_State_Attack">
      <UniqueIdentifier>{9ef5747c-da4f-4f09-9c76-e2d97cde4801}</UniqueIdentifier>
    </Filter>
    <Filter Include="02.GameObjects\Chr\Chr_Battle\Sazh\State\Chr_Battle_Sazh_State_Skill">
      <UniqueIdentifier>{286d316e-42b6-43c4-ad28-8384f5216258}</UniqueIdentifier>
    </Filter>
    <Filter Include="02.GameObjects\Chr\Chr_Battle\Sazh\State\Chr_Battle_Sazh_State_Hit">
      <UniqueIdentifier>{695bbc1d-f565-4ef1-bcba-fad7338208c6}</UniqueIdentifier>
    </Filter>
    <Filter Include="02.GameObjects\Chr\Chr_Battle\Sazh\State\Chr_Battle_Sazh_State_Finish">
      <UniqueIdentifier>{61fd60c9-149a-4fe0-be13-0416af117786}</UniqueIdentifier>
    </Filter>
    <Filter Include="02.GameObjects\Chr\Chr_Battle\Sazh\State\Chr_Battle_Sazh_State_Dead">
      <UniqueIdentifier>{25da10fc-de39-4dee-a063-09c0e71a7edf}</UniqueIdentifier>
    </Filter>
    <Filter Include="03.UI\Battle\Player_Battle\Stage\UI_Battle_Stage_Optima">
      <UniqueIdentifier>{ceeaa113-bf8b-4a1c-b400-218cf2b8bacb}</UniqueIdentifier>
    </Filter>
    <Filter Include="02.GameObjects\Chr\Chr_Battle\Light\State\Chr_Battle_Light_State_Optima">
      <UniqueIdentifier>{df8f323e-3e7e-4deb-b2b0-dba191edfd52}</UniqueIdentifier>
    </Filter>
    <Filter Include="02.GameObjects\Chr\Chr_Battle\Sazh\State\Chr_Battle_Sazh_State_Optima">
      <UniqueIdentifier>{44694f36-a689-461e-a10f-cfa31888ca3f}</UniqueIdentifier>
    </Filter>
    <Filter Include="03.UI\Battle\UI_Chr">
      <UniqueIdentifier>{87eb5331-c567-42e8-93d8-1b8c21ba9ade}</UniqueIdentifier>
    </Filter>
    <Filter Include="03.UI\Battle\Player_Battle\Stage\UI_Battle_Stage_Wait_Optima">
      <UniqueIdentifier>{bfc8ca65-01dc-4cb4-8516-f3b7cb16b016}</UniqueIdentifier>
    </Filter>
    <Filter Include="02.GameObjects\Monster">
      <UniqueIdentifier>{d955b6a9-2b8f-41c2-a13e-d6547b75bf5e}</UniqueIdentifier>
    </Filter>
    <Filter Include="02.GameObjects\PartObject">
      <UniqueIdentifier>{95fe7ebe-e220-4936-8227-a039964aac02}</UniqueIdentifier>
    </Filter>
    <Filter Include="02.GameObjects\PartObject\Weapon">
      <UniqueIdentifier>{85fb4cd4-db4e-43e2-9a77-fe9e2fcda899}</UniqueIdentifier>
    </Filter>
    <Filter Include="02.GameObjects\PartObject\Body">
      <UniqueIdentifier>{683680ad-6438-4de8-be42-2c64ec5f7f27}</UniqueIdentifier>
    </Filter>
    <Filter Include="02.GameObjects\Monster\Leopard">
      <UniqueIdentifier>{04a5c080-3f75-4752-a4da-2ce81d703b28}</UniqueIdentifier>
    </Filter>
    <Filter Include="02.GameObjects\Monster\Leopard\State">
      <UniqueIdentifier>{bdf5f643-7eec-40fb-8fe5-d5a445f9a285}</UniqueIdentifier>
    </Filter>
    <Filter Include="02.GameObjects\Monster\Leopard\State\Leopard_State_Idle">
      <UniqueIdentifier>{5b09d7ce-3fe6-46a4-b951-4e7ff3364e73}</UniqueIdentifier>
    </Filter>
    <Filter Include="02.GameObjects\Monster\Leopard\State\Leopard_State_Attack">
      <UniqueIdentifier>{b953c171-55e7-4fd0-a6b7-31e208a6ee0d}</UniqueIdentifier>
    </Filter>
    <Filter Include="02.GameObjects\Monster\Leopard\State\Leopard_State_Hit">
      <UniqueIdentifier>{589af1da-c33d-4619-851e-413b412cf105}</UniqueIdentifier>
    </Filter>
    <Filter Include="03.UI\Battle\UI_Chain">
      <UniqueIdentifier>{d49ced27-8dd5-452c-a439-9bf1a68f3e74}</UniqueIdentifier>
    </Filter>
    <Filter Include="02.GameObjects\For_Study\Forklift">
      <UniqueIdentifier>{71dcb4da-a072-4364-a534-e77e2b804c60}</UniqueIdentifier>
    </Filter>
    <Filter Include="03.UI\Battle\UI_Monster_Hp">
      <UniqueIdentifier>{eee862fd-b5a2-4192-b4b1-ee86df379428}</UniqueIdentifier>
    </Filter>
    <Filter Include="05.Tool">
      <UniqueIdentifier>{e891e4cc-0e2a-4c07-8237-84151f973697}</UniqueIdentifier>
    </Filter>
    <Filter Include="05.Tool\ImGUI_Manager">
      <UniqueIdentifier>{93a60aa1-4561-4bfd-8cdf-53fc3a87d7b7}</UniqueIdentifier>
    </Filter>
    <Filter Include="05.Tool\MapTool">
      <UniqueIdentifier>{baf87ab4-a580-4033-af33-f67b69e39352}</UniqueIdentifier>
    </Filter>
    <Filter Include="05.Tool\Grid">
      <UniqueIdentifier>{361cfe83-dc5d-4c85-bce0-b5a6a5336b45}</UniqueIdentifier>
    </Filter>
    <Filter Include="04.Custom">
      <UniqueIdentifier>{a1a8ac96-9f62-4546-9b36-ec30934ff01f}</UniqueIdentifier>
    </Filter>
    <Filter Include="04.Custom\Optima">
      <UniqueIdentifier>{00f5fadc-97b8-4b6b-8e14-1e99d240a0b4}</UniqueIdentifier>
    </Filter>
    <Filter Include="04.Custom\Optima\Ability">
      <UniqueIdentifier>{fb285cf8-82d9-4f4d-8e3a-135e009c626c}</UniqueIdentifier>
    </Filter>
    <Filter Include="04.Custom\Optima\Role">
      <UniqueIdentifier>{a628c111-b9b2-4404-8126-e375d8676e62}</UniqueIdentifier>
    </Filter>
    <Filter Include="04.Custom\Inventory">
      <UniqueIdentifier>{7fd4db24-0678-4943-8efa-77fa9329d58d}</UniqueIdentifier>
    </Filter>
    <Filter Include="04.Custom\Troup">
      <UniqueIdentifier>{c8226e7f-e115-40a2-8f4a-0be39f41f8c9}</UniqueIdentifier>
    </Filter>
    <Filter Include="02.GameObjects\Monster\Leopard\State\Leopard_State_Field">
      <UniqueIdentifier>{6166dde2-f0a7-45fa-bf28-2409019313cb}</UniqueIdentifier>
    </Filter>
    <Filter Include="02.GameObjects\Monster\Leopard\State\Leopard_State_Start">
      <UniqueIdentifier>{1a63bfcd-e2ed-4651-a29a-a81014657ba9}</UniqueIdentifier>
    </Filter>
    <Filter Include="02.GameObjects\For_Study\Particle_Blue">
      <UniqueIdentifier>{14ece91c-59ef-432d-9907-3f7868a9cafd}</UniqueIdentifier>
    </Filter>
    <Filter Include="02.GameObjects\Sky">
      <UniqueIdentifier>{a0d4ae99-69da-486a-bb87-7bbe6240322e}</UniqueIdentifier>
    </Filter>
    <Filter Include="03.UI\Battle\UI_Number">
      <UniqueIdentifier>{6397687d-ad98-4564-8400-9adea8cab298}</UniqueIdentifier>
    </Filter>
    <Filter Include="02.GameObjects\Monster\Warload">
      <UniqueIdentifier>{20e65fe9-6cd1-43d0-af8c-3f7319b239d6}</UniqueIdentifier>
    </Filter>
    <Filter Include="02.GameObjects\Monster\Solider">
      <UniqueIdentifier>{d2bb7455-0c34-4775-8782-c558b3a3617c}</UniqueIdentifier>
    </Filter>
    <Filter Include="02.GameObjects\Monster\Boss">
      <UniqueIdentifier>{cb4038e4-5c5e-4d89-99e8-39c39bc17716}</UniqueIdentifier>
    </Filter>
    <Filter Include="02.GameObjects\Monster\Warload\State">
      <UniqueIdentifier>{7102a672-69ec-4954-b702-f81bcc626580}</UniqueIdentifier>
    </Filter>
    <Filter Include="02.GameObjects\Monster\Warload\State\Warload_State_Idle">
      <UniqueIdentifier>{3e54e011-8453-4dd8-b7ae-8985214998a5}</UniqueIdentifier>
    </Filter>
    <Filter Include="02.GameObjects\Monster\Warload\State\Warload_State_Attack">
      <UniqueIdentifier>{a044fadb-f35b-4e19-bef2-2931f9f31c14}</UniqueIdentifier>
    </Filter>
    <Filter Include="02.GameObjects\Monster\Warload\State\Warload_State_Skill">
      <UniqueIdentifier>{c3c61362-1ef2-4469-8cf1-3ba25d2f0cd7}</UniqueIdentifier>
    </Filter>
    <Filter Include="02.GameObjects\Monster\Warload\State\Warload_State_Field">
      <UniqueIdentifier>{83827e46-90fd-421d-9601-8465bd03d491}</UniqueIdentifier>
    </Filter>
    <Filter Include="02.GameObjects\Monster\Warload\State\Warload_State_Start">
      <UniqueIdentifier>{ed5aecda-9631-4b0b-b4d9-12fa4a98df94}</UniqueIdentifier>
    </Filter>
    <Filter Include="02.GameObjects\Monster\Warload\State\Warload_State_Hit">
      <UniqueIdentifier>{e26683a5-a331-404e-87e8-e97bde6ae083}</UniqueIdentifier>
    </Filter>
    <Filter Include="02.GameObjects\Monster\Solider\State">
      <UniqueIdentifier>{1e14ccc5-ed3a-427a-a97d-84d0f4883062}</UniqueIdentifier>
    </Filter>
    <Filter Include="02.GameObjects\Monster\Solider\State\Solider_State_Idle">
      <UniqueIdentifier>{8daf29fd-ea40-43c6-9aac-fd40434eceef}</UniqueIdentifier>
    </Filter>
    <Filter Include="02.GameObjects\Monster\Solider\State\Solider_State_Attack">
      <UniqueIdentifier>{94e05eb0-3059-40be-be3e-c48066b0d67f}</UniqueIdentifier>
    </Filter>
    <Filter Include="02.GameObjects\Monster\Solider\State\Solider_State_Hit">
      <UniqueIdentifier>{b29671a2-e9e5-4228-ade4-68041b75d986}</UniqueIdentifier>
    </Filter>
    <Filter Include="02.GameObjects\Monster\Solider\State\Solider_State_Start">
      <UniqueIdentifier>{0a6f22e8-167c-498d-8890-da757abc7bec}</UniqueIdentifier>
    </Filter>
    <Filter Include="02.GameObjects\Monster\Solider\State\Solider_State_Field">
      <UniqueIdentifier>{36b0b038-49f7-46f5-9531-aa4821896802}</UniqueIdentifier>
    </Filter>
    <Filter Include="02.GameObjects\Monster\Solider\Solider_Gun">
      <UniqueIdentifier>{7b9fb106-db8a-4d28-8af1-abcb03626a77}</UniqueIdentifier>
    </Filter>
    <Filter Include="02.GameObjects\Monster\Solider\Solider_Gun\State">
      <UniqueIdentifier>{6868921c-459f-4ecf-a9a0-f54f91d6982b}</UniqueIdentifier>
    </Filter>
    <Filter Include="02.GameObjects\Monster\Boss\State">
      <UniqueIdentifier>{dfe1b190-754f-4cb3-8e69-c8c2f3d1b0e7}</UniqueIdentifier>
    </Filter>
    <Filter Include="02.GameObjects\Monster\Boss\State\Boss_State_Idle">
      <UniqueIdentifier>{cd364357-c4a5-4195-97b8-bc4d74f13a1c}</UniqueIdentifier>
    </Filter>
    <Filter Include="02.GameObjects\Monster\Boss\State\Boss_State_Attack_Magic">
      <UniqueIdentifier>{4bf58a2a-2618-46b0-aeea-c81d0f0e75c2}</UniqueIdentifier>
    </Filter>
    <Filter Include="02.GameObjects\Monster\Boss\State\Boss_State_Attack_Physic">
      <UniqueIdentifier>{5dda34f2-f3f3-43aa-b7f3-f033ae9aed53}</UniqueIdentifier>
    </Filter>
    <Filter Include="02.GameObjects\Monster\Boss\State\Boss_State_Skill_Barrier">
      <UniqueIdentifier>{4d8bc0d7-03a2-4c5c-923d-9fcc5ecd8d31}</UniqueIdentifier>
    </Filter>
    <Filter Include="02.GameObjects\Monster\Boss\State\Boss_State_Skill_HellBlast">
      <UniqueIdentifier>{21f19486-adb2-4080-b502-ca71e5b410f5}</UniqueIdentifier>
    </Filter>
    <Filter Include="02.GameObjects\Monster\Boss\State\Boss_State_Hit">
      <UniqueIdentifier>{a09dc564-cabc-4e4a-a474-e15cd77da83e}</UniqueIdentifier>
    </Filter>
    <Filter Include="02.GameObjects\Monster\Boss\State\Boss_State_Field">
      <UniqueIdentifier>{9694b27c-912f-4c97-a70a-7eb179410837}</UniqueIdentifier>
    </Filter>
    <Filter Include="01.Levels\Field_Boss">
      <UniqueIdentifier>{d06253b3-e0fc-4c6d-ae7b-b4935b0f6c0f}</UniqueIdentifier>
    </Filter>
    <Filter Include="02.GameObjects\Trigger">
      <UniqueIdentifier>{a9f93bd7-da60-4ae8-8c9e-81e20ae1e5de}</UniqueIdentifier>
    </Filter>
    <Filter Include="03.UI\Battle\Player_Battle\Stage\UI_Battle_Stage_Finish">
      <UniqueIdentifier>{70b6cd19-f0bc-4768-8c63-b9420c6a555a}</UniqueIdentifier>
    </Filter>
    <Filter Include="01.Levels\Boss_Battle">
      <UniqueIdentifier>{c1de3147-ed90-458c-99b5-39157b4ce6f3}</UniqueIdentifier>
    </Filter>
    <Filter Include="02.GameObjects\Chr\Chr_Battle\Vanila\State">
      <UniqueIdentifier>{ea366692-4ec1-4df8-9345-ceca7379c2a2}</UniqueIdentifier>
    </Filter>
    <Filter Include="02.GameObjects\Chr\Chr_Battle\Vanila\State\Chr_Battle_Vanila_State_Hit">
      <UniqueIdentifier>{4d19da5d-eced-4b97-aca2-11aed82623be}</UniqueIdentifier>
    </Filter>
    <Filter Include="02.GameObjects\Chr\Chr_Battle\Vanila\State\Chr_Battle_Vanila_State_Optima">
      <UniqueIdentifier>{9a82730a-2792-4b3c-b328-087e0b1cd678}</UniqueIdentifier>
    </Filter>
    <Filter Include="02.GameObjects\Chr\Chr_Battle\Vanila\State\Chr_Battle_Vanila_State_Finish">
      <UniqueIdentifier>{30fa4191-15b8-4564-8f93-643b4ae73ef4}</UniqueIdentifier>
    </Filter>
    <Filter Include="02.GameObjects\Chr\Chr_Battle\Vanila\State\Chr_Battle_Vanila_State_Dead">
      <UniqueIdentifier>{d43290d5-ea34-4d71-b6cb-9d6a39d05e41}</UniqueIdentifier>
    </Filter>
    <Filter Include="02.GameObjects\Chr\Chr_Battle\Vanila\State\Chr_Battle_Vanila_State_Heal">
      <UniqueIdentifier>{f97d0967-54f8-4f37-938a-59e37f34948b}</UniqueIdentifier>
    </Filter>
    <Filter Include="02.GameObjects\Chr\Chr_Battle\Vanila\State\Chr_Battle_Vanila_State_Skill">
      <UniqueIdentifier>{7e860605-e37b-4ab9-af88-cfa9b0329014}</UniqueIdentifier>
    </Filter>
    <Filter Include="02.GameObjects\Chr\Chr_Battle\Vanila\State\Chr_Battle_Vanila_State_Idle">
      <UniqueIdentifier>{979e2cbc-7705-4b7f-a733-66e130e1d80f}</UniqueIdentifier>
    </Filter>
    <Filter Include="02.GameObjects\Camera\Camera_Battle">
      <UniqueIdentifier>{ef6611eb-93bc-46f9-b37e-65cea77293bf}</UniqueIdentifier>
    </Filter>
    <Filter Include="03.UI\Battle\UI_Skill">
      <UniqueIdentifier>{ee1ca0c6-f9e1-4784-b0d4-a53efaa16033}</UniqueIdentifier>
    </Filter>
    <Filter Include="03.UI\Battle\UI_Optima_Change">
      <UniqueIdentifier>{41ccad3b-ec64-45d1-9f44-4e1598e11aad}</UniqueIdentifier>
    </Filter>
    <Filter Include="03.UI\Battle\UI_Optima">
      <UniqueIdentifier>{e32f23b4-5793-4adb-9acd-1bcd68004c7d}</UniqueIdentifier>
    </Filter>
    <Filter Include="03.UI\Battle\UI_Optima_Info">
      <UniqueIdentifier>{0a7f5ec8-ff43-4f20-8f8a-5675a72b6abd}</UniqueIdentifier>
    </Filter>
    <Filter Include="02.GameObjects\Projectile">
      <UniqueIdentifier>{8f737e5d-2608-427c-aac8-7cff5baca557}</UniqueIdentifier>
    </Filter>
    <Filter Include="02.GameObjects\Projectile\Sphere">
      <UniqueIdentifier>{eb1667ab-f99b-464b-84db-086552c159e5}</UniqueIdentifier>
    </Filter>
    <Filter Include="02.GameObjects\Projectile\Bullet">
      <UniqueIdentifier>{af1ba334-0a9a-44bc-b737-bd18141d944c}</UniqueIdentifier>
    </Filter>
    <Filter Include="02.GameObjects\Projectile\Sphere\Sphere_Heal">
      <UniqueIdentifier>{a4233e2c-daf0-47b4-9271-c76cd5a2640b}</UniqueIdentifier>
    </Filter>
    <Filter Include="02.GameObjects\Effect">
      <UniqueIdentifier>{0a5c554e-6de6-4988-baa9-92a81fc53164}</UniqueIdentifier>
    </Filter>
    <Filter Include="05.Tool\EffectTool">
      <UniqueIdentifier>{4dd3c9dc-7846-4830-acf8-36addf08c7e6}</UniqueIdentifier>
    </Filter>
    <Filter Include="01.Levels\EffectTool">
      <UniqueIdentifier>{f03e2de9-9d2b-4f51-b6df-ce065233728c}</UniqueIdentifier>
    </Filter>
    <Filter Include="02.GameObjects\Effect\Template">
      <UniqueIdentifier>{3381e417-d14b-48a9-8a0b-8b99850ed138}</UniqueIdentifier>
    </Filter>
    <Filter Include="02.GameObjects\Effect\Template\Effect_3D">
      <UniqueIdentifier>{31d98748-4410-4d94-b870-90598ec9b731}</UniqueIdentifier>
    </Filter>
    <Filter Include="02.GameObjects\Effect\Template\Interface">
      <UniqueIdentifier>{c00e285a-88bd-401b-8f99-452cf42736d2}</UniqueIdentifier>
    </Filter>
    <Filter Include="02.GameObjects\Effect\Template\Effect_Instance">
      <UniqueIdentifier>{e20d55b8-eef6-4846-ada8-93aa9be3476b}</UniqueIdentifier>
    </Filter>
    <Filter Include="02.GameObjects\Effect\Object">
      <UniqueIdentifier>{b1511a9b-2d02-48a0-9e52-3a57afa70b9e}</UniqueIdentifier>
    </Filter>
    <Filter Include="02.GameObjects\Effect\Object\Effect_2D_Bone">
      <UniqueIdentifier>{184c729c-63ce-4f32-b671-d480731075aa}</UniqueIdentifier>
    </Filter>
    <Filter Include="02.GameObjects\Effect\Object\Effect_Camera_Look">
      <UniqueIdentifier>{a3f393b4-93db-4bad-922a-99a9d12e09de}</UniqueIdentifier>
    </Filter>
    <Filter Include="02.GameObjects\Effect\Object\Effect_2D">
      <UniqueIdentifier>{99a63a99-b163-43ed-aac6-d35cc2019d30}</UniqueIdentifier>
    </Filter>
    <Filter Include="02.GameObjects\Monster\Corpse">
      <UniqueIdentifier>{1a4d0bb7-420e-4239-a264-d3870d9a2819}</UniqueIdentifier>
    </Filter>
    <Filter Include="02.GameObjects\Effect\Object\Electricity">
      <UniqueIdentifier>{d5b5b0fa-8304-48d6-bfd0-c4d98dba342e}</UniqueIdentifier>
    </Filter>
  </ItemGroup>
  <ItemGroup>
    <ClInclude Include="..\public\MainApp.h">
      <Filter>00.MainApp</Filter>
    </ClInclude>
    <ClInclude Include="..\Public\Level_GamePlay.h">
      <Filter>01.Levels\GamePlay</Filter>
    </ClInclude>
    <ClInclude Include="..\Public\Level_Loading.h">
      <Filter>01.Levels\00. Loading</Filter>
    </ClInclude>
    <ClInclude Include="..\Public\Level_Logo.h">
      <Filter>01.Levels\Logo</Filter>
    </ClInclude>
    <ClInclude Include="..\public\BackGround.h">
      <Filter>02.GameObjects\BackGround</Filter>
    </ClInclude>
    <ClInclude Include="..\Public\Terrain.h">
      <Filter>02.GameObjects\For_Study\Terrain</Filter>
    </ClInclude>
    <ClInclude Include="..\Public\Client_Defines.h">
      <Filter>99.Defines</Filter>
    </ClInclude>
    <ClInclude Include="..\Public\Camera_Free.h">
      <Filter>02.GameObjects\Camera</Filter>
    </ClInclude>
    <ClInclude Include="ImGUI\imconfig.h">
      <Filter>98.Default\Imgui</Filter>
    </ClInclude>
    <ClInclude Include="ImGUI\imgui.h">
      <Filter>98.Default\Imgui</Filter>
    </ClInclude>
    <ClInclude Include="ImGUI\imgui_impl_dx11.h">
      <Filter>98.Default\Imgui</Filter>
    </ClInclude>
    <ClInclude Include="ImGUI\imgui_impl_win32.h">
      <Filter>98.Default\Imgui</Filter>
    </ClInclude>
    <ClInclude Include="ImGUI\imgui_internal.h">
      <Filter>98.Default\Imgui</Filter>
    </ClInclude>
    <ClInclude Include="ImGUI\ImGuizmo.h">
      <Filter>98.Default\Imgui</Filter>
    </ClInclude>
    <ClInclude Include="ImGUI\imstb_rectpack.h">
      <Filter>98.Default\Imgui</Filter>
    </ClInclude>
    <ClInclude Include="ImGUI\imstb_textedit.h">
      <Filter>98.Default\Imgui</Filter>
    </ClInclude>
    <ClInclude Include="ImGUI\imstb_truetype.h">
      <Filter>98.Default\Imgui</Filter>
    </ClInclude>
    <ClInclude Include="..\Public\Level_MapTool.h">
      <Filter>01.Levels\MapTool</Filter>
    </ClInclude>
    <ClInclude Include="..\Public\ImGUI_Manager.h">
      <Filter>05.Tool\ImGUI_Manager</Filter>
    </ClInclude>
    <ClInclude Include="..\Public\MapTool.h">
      <Filter>05.Tool\MapTool</Filter>
    </ClInclude>
    <ClInclude Include="Client.h">
      <Filter>98.Default\Default</Filter>
    </ClInclude>
    <ClInclude Include="Resource.h">
      <Filter>98.Default\Default</Filter>
    </ClInclude>
    <ClInclude Include="stdafx.h">
      <Filter>98.Default\Default</Filter>
    </ClInclude>
    <ClInclude Include="targetver.h">
      <Filter>98.Default\Default</Filter>
    </ClInclude>
    <ClInclude Include="..\Public\Monster_Study.h">
      <Filter>02.GameObjects\For_Study\Monster</Filter>
    </ClInclude>
    <ClInclude Include="..\Public\Camera_Field.h">
      <Filter>02.GameObjects\Camera\Camera_Field</Filter>
    </ClInclude>
    <ClInclude Include="..\Public\Grid.h">
      <Filter>05.Tool\Grid</Filter>
    </ClInclude>
    <ClInclude Include="..\Public\MapObject.h">
      <Filter>02.GameObjects\MapObject</Filter>
    </ClInclude>
    <ClInclude Include="ImGUI\ImGuiFileDialog.h">
      <Filter>98.Default\Imgui</Filter>
    </ClInclude>
    <ClInclude Include="ImGUI\ImGuiFileDialogConfig.h">
      <Filter>98.Default\Imgui</Filter>
    </ClInclude>
    <ClInclude Include="ImGUI\dirent.h">
      <Filter>98.Default\Imgui</Filter>
    </ClInclude>
    <ClInclude Include="..\Public\Level_Parsing.h">
      <Filter>01.Levels\Parsing</Filter>
    </ClInclude>
    <ClInclude Include="..\Public\Level_Field.h">
      <Filter>01.Levels\Field</Filter>
    </ClInclude>
    <ClInclude Include="..\Public\Loader.h">
      <Filter>01.Levels\00. Loading\Loader</Filter>
    </ClInclude>
    <ClInclude Include="..\Public\Forklift.h">
      <Filter>02.GameObjects\For_Study\Forklift</Filter>
    </ClInclude>
    <ClInclude Include="..\Public\Chr_Field.h">
      <Filter>02.GameObjects\Chr\Chr_Field</Filter>
    </ClInclude>
    <ClInclude Include="..\Public\Chr_Field_State_Idle.h">
      <Filter>02.GameObjects\Chr\Chr_Field\State\Chr_Field_State_Idle</Filter>
    </ClInclude>
    <ClInclude Include="..\Public\Chr_Field_State_Move.h">
      <Filter>02.GameObjects\Chr\Chr_Field\State\Chr_Field_State_Move</Filter>
    </ClInclude>
    <ClInclude Include="..\Public\Chr_Field_State_Walk.h">
      <Filter>02.GameObjects\Chr\Chr_Field\State\Chr_Field_State_Walk</Filter>
    </ClInclude>
    <ClInclude Include="..\Public\Chr_Field_State_Battle_Begin.h">
      <Filter>02.GameObjects\Chr\Chr_Field\State\Chr_Field_State_Battle_Begin</Filter>
    </ClInclude>
    <ClInclude Include="..\Public\Chr_Field_State_Item.h">
      <Filter>02.GameObjects\Chr\Chr_Field\State\Chr_Field_State_Item</Filter>
    </ClInclude>
    <ClInclude Include="..\Public\Player_Study.h">
      <Filter>02.GameObjects\For_Study\Player</Filter>
    </ClInclude>
    <ClInclude Include="..\Public\Body_Player.h">
      <Filter>02.GameObjects\For_Study\Player\Body_Player</Filter>
    </ClInclude>
    <ClInclude Include="..\Public\Weapon_Study.h">
      <Filter>02.GameObjects\For_Study\Player\Weapon</Filter>
    </ClInclude>
    <ClInclude Include="..\Public\Chr_Battle.h">
      <Filter>02.GameObjects\Chr\Chr_Battle</Filter>
    </ClInclude>
    <ClInclude Include="..\Public\Chr_Battle_Light_State_Idle.h">
      <Filter>02.GameObjects\Chr\Chr_Battle\Light\State\Chr_Battle_Light_State_Idle</Filter>
    </ClInclude>
    <ClInclude Include="..\Public\Chr_Battle_Light.h">
      <Filter>02.GameObjects\Chr\Chr_Battle\Light</Filter>
    </ClInclude>
    <ClInclude Include="..\Public\Chr_Battle_Light_State_Attack.h">
      <Filter>02.GameObjects\Chr\Chr_Battle\Light\State\Chr_Battle_Light_State_Attack</Filter>
    </ClInclude>
    <ClInclude Include="..\Public\Chr_Battle_Light_State_Hit.h">
      <Filter>02.GameObjects\Chr\Chr_Battle\Light\State\Chr_Battle_Light_State_Hit</Filter>
    </ClInclude>
    <ClInclude Include="..\Public\Chr_Battle_Light_State_Dead.h">
      <Filter>02.GameObjects\Chr\Chr_Battle\Light\State\Chr_Battle_Light_State_Dead</Filter>
    </ClInclude>
    <ClInclude Include="..\Public\Chr_Battle_Light_State_Item.h">
      <Filter>02.GameObjects\Chr\Chr_Battle\Light\State\Chr_Battle_Light_State_Item</Filter>
    </ClInclude>
    <ClInclude Include="..\Public\Body.h">
      <Filter>02.GameObjects\PartObject\Body</Filter>
    </ClInclude>
    <ClInclude Include="..\Public\Weapon_Anim.h">
      <Filter>02.GameObjects\PartObject\Weapon</Filter>
    </ClInclude>
    <ClInclude Include="..\Public\Level_Battle.h">
      <Filter>01.Levels\Battle</Filter>
    </ClInclude>
    <ClInclude Include="..\Public\Chr_Battle_Light_State_Finish.h">
      <Filter>02.GameObjects\Chr\Chr_Battle\Light\State\Chr_Battle_Light_State_Finish</Filter>
    </ClInclude>
    <ClInclude Include="..\Public\UI.h">
      <Filter>03.UI</Filter>
    </ClInclude>
    <ClInclude Include="..\Public\UI_ATB.h">
      <Filter>03.UI\Battle\UI_ATB</Filter>
    </ClInclude>
    <ClInclude Include="..\Public\Player_Battle.h">
      <Filter>03.UI\Battle\Player_Battle</Filter>
    </ClInclude>
    <ClInclude Include="..\Public\UI_Pnal.h">
      <Filter>03.UI\Battle\UI_Pnal</Filter>
    </ClInclude>
    <ClInclude Include="..\Public\UI_Battle_Stage_Command.h">
      <Filter>03.UI\Battle\Player_Battle\Stage\UI_Battle_Stage_Command</Filter>
    </ClInclude>
    <ClInclude Include="..\Public\UI_Battle_Stage_Target.h">
      <Filter>03.UI\Battle\Player_Battle\Stage\UI_Battle_Stage_Target</Filter>
    </ClInclude>
    <ClInclude Include="..\Public\UI_Battle_Stage_Select.h">
      <Filter>03.UI\Battle\Player_Battle\Stage\UI_Battle_Stage_Select</Filter>
    </ClInclude>
    <ClInclude Include="..\Public\UI_Cursor.h">
      <Filter>03.UI\Battle\UI_Cursor</Filter>
    </ClInclude>
    <ClInclude Include="..\Public\Inventory.h">
      <Filter>04.Custom\Inventory</Filter>
    </ClInclude>
    <ClInclude Include="..\Public\Role.h">
      <Filter>04.Custom\Optima\Role</Filter>
    </ClInclude>
    <ClInclude Include="..\Public\Optima.h">
      <Filter>04.Custom\Optima</Filter>
    </ClInclude>
    <ClInclude Include="..\Public\Ability.h">
      <Filter>04.Custom\Optima\Ability</Filter>
    </ClInclude>
    <ClInclude Include="..\Public\UI_Pnal_Attack.h">
      <Filter>03.UI\Battle\UI_Pnal\UI_Pnal_Attack</Filter>
    </ClInclude>
    <ClInclude Include="..\Public\UI_Battle_Stage_Item.h">
      <Filter>03.UI\Battle\Player_Battle\Stage\UI_Battle_Stage_Item</Filter>
    </ClInclude>
    <ClInclude Include="..\Public\UI_Battle_Stage_Wait.h">
      <Filter>03.UI\Battle\Player_Battle\Stage\UI_Battle_Stage_Wait</Filter>
    </ClInclude>
    <ClInclude Include="..\Public\UI_Battle_Stage_Target_Member.h">
      <Filter>03.UI\Battle\Player_Battle\Stage\UI_Battle_Stage_Target_Member</Filter>
    </ClInclude>
    <ClInclude Include="..\Public\UI_Pnal_Item.h">
      <Filter>03.UI\Battle\UI_Pnal\UI_Pnal_Item</Filter>
    </ClInclude>
    <ClInclude Include="..\Public\Chr_Battle_Light_State_Prepare.h">
      <Filter>02.GameObjects\Chr\Chr_Battle\Light\State\Chr_Battle_Light_State_Prepare</Filter>
    </ClInclude>
    <ClInclude Include="..\Public\Chr_Battle_Sazh.h">
      <Filter>02.GameObjects\Chr\Chr_Battle\Sazh</Filter>
    </ClInclude>
    <ClInclude Include="..\Public\Chr_Battle_Sazh_State_Idle.h">
      <Filter>02.GameObjects\Chr\Chr_Battle\Sazh\State\Chr_Battle_Sazh_State_Idle</Filter>
    </ClInclude>
    <ClInclude Include="..\Public\Chr_Battle_Sazh_State_Attack.h">
      <Filter>02.GameObjects\Chr\Chr_Battle\Sazh\State\Chr_Battle_Sazh_State_Attack</Filter>
    </ClInclude>
    <ClInclude Include="..\Public\Chr_Battle_Sazh_State_Dead.h">
      <Filter>02.GameObjects\Chr\Chr_Battle\Sazh\State\Chr_Battle_Sazh_State_Dead</Filter>
    </ClInclude>
    <ClInclude Include="..\Public\Chr_Battle_Sazh_State_Finish.h">
      <Filter>02.GameObjects\Chr\Chr_Battle\Sazh\State\Chr_Battle_Sazh_State_Finish</Filter>
    </ClInclude>
    <ClInclude Include="..\Public\Chr_Battle_Sazh_State_Hit.h">
      <Filter>02.GameObjects\Chr\Chr_Battle\Sazh\State\Chr_Battle_Sazh_State_Hit</Filter>
    </ClInclude>
    <ClInclude Include="..\Public\Chr_Battle_Sazh_State_Skill.h">
      <Filter>02.GameObjects\Chr\Chr_Battle\Sazh\State\Chr_Battle_Sazh_State_Skill</Filter>
    </ClInclude>
    <ClInclude Include="..\Public\Chr_Battle_Vanila.h">
      <Filter>02.GameObjects\Chr\Chr_Battle\Vanila</Filter>
    </ClInclude>
    <ClInclude Include="..\Public\UI_Battle_Stage_Optima.h">
      <Filter>03.UI\Battle\Player_Battle\Stage\UI_Battle_Stage_Optima</Filter>
    </ClInclude>
    <ClInclude Include="..\Public\Chr_Battle_Light_State_Optima.h">
      <Filter>02.GameObjects\Chr\Chr_Battle\Light\State\Chr_Battle_Light_State_Optima</Filter>
    </ClInclude>
    <ClInclude Include="..\Public\Chr_Battle_Sazh_State_Optima.h">
      <Filter>02.GameObjects\Chr\Chr_Battle\Sazh\State\Chr_Battle_Sazh_State_Optima</Filter>
    </ClInclude>
    <ClInclude Include="..\Public\UI_Chr.h">
      <Filter>03.UI\Battle\UI_Chr</Filter>
    </ClInclude>
    <ClInclude Include="..\PUblic\UI_Battle_Stage_Wait_Optima.h">
      <Filter>03.UI\Battle\Player_Battle\Stage\UI_Battle_Stage_Wait_Optima</Filter>
    </ClInclude>
    <ClInclude Include="..\Public\Monster.h">
      <Filter>02.GameObjects\Monster</Filter>
    </ClInclude>
    <ClInclude Include="..\Public\Leopard.h">
      <Filter>02.GameObjects\Monster\Leopard</Filter>
    </ClInclude>
    <ClInclude Include="..\Public\Leopard_State_Idle.h">
      <Filter>02.GameObjects\Monster\Leopard\State\Leopard_State_Idle</Filter>
    </ClInclude>
    <ClInclude Include="..\Public\Leopard_State_Attack.h">
      <Filter>02.GameObjects\Monster\Leopard\State\Leopard_State_Attack</Filter>
    </ClInclude>
    <ClInclude Include="..\Public\Leopard_State_Hit.h">
      <Filter>02.GameObjects\Monster\Leopard\State\Leopard_State_Hit</Filter>
    </ClInclude>
    <ClInclude Include="..\Public\UI_Chain.h">
      <Filter>03.UI\Battle\UI_Chain</Filter>
    </ClInclude>
    <ClInclude Include="..\Public\UI_Monster_Hp.h">
      <Filter>03.UI\Battle\UI_Monster_Hp</Filter>
    </ClInclude>
    <ClInclude Include="..\Public\Troup.h">
      <Filter>04.Custom\Troup</Filter>
    </ClInclude>
    <ClInclude Include="..\Public\Leopard_State_Field.h">
      <Filter>02.GameObjects\Monster\Leopard\State\Leopard_State_Field</Filter>
    </ClInclude>
    <ClInclude Include="..\Public\Leopard_State_Start.h">
      <Filter>02.GameObjects\Monster\Leopard\State\Leopard_State_Start</Filter>
    </ClInclude>
    <ClInclude Include="..\Public\Particle_Blue.h">
      <Filter>02.GameObjects\For_Study\Particle_Blue</Filter>
    </ClInclude>
    <ClInclude Include="..\Public\Sky.h">
      <Filter>02.GameObjects\Sky</Filter>
    </ClInclude>
    <ClInclude Include="..\Public\UI_Number.h">
      <Filter>03.UI\Battle\UI_Number</Filter>
    </ClInclude>
    <ClInclude Include="..\Public\Warload.h">
      <Filter>02.GameObjects\Monster\Warload</Filter>
    </ClInclude>
    <ClInclude Include="..\Public\Warload_State_Idle.h">
      <Filter>02.GameObjects\Monster\Warload\State\Warload_State_Idle</Filter>
    </ClInclude>
    <ClInclude Include="..\Public\Warload_State_Attack.h">
      <Filter>02.GameObjects\Monster\Warload\State\Warload_State_Attack</Filter>
    </ClInclude>
    <ClInclude Include="..\Public\Warload_State_Field.h">
      <Filter>02.GameObjects\Monster\Warload\State\Warload_State_Field</Filter>
    </ClInclude>
    <ClInclude Include="..\Public\Warload_State_Hit.h">
      <Filter>02.GameObjects\Monster\Warload\State\Warload_State_Hit</Filter>
    </ClInclude>
    <ClInclude Include="..\Public\Warload_State_Skill.h">
      <Filter>02.GameObjects\Monster\Warload\State\Warload_State_Skill</Filter>
    </ClInclude>
    <ClInclude Include="..\Public\Warload_State_Start.h">
      <Filter>02.GameObjects\Monster\Warload\State\Warload_State_Start</Filter>
    </ClInclude>
    <ClInclude Include="..\Public\Solider_State_Idle.h">
      <Filter>02.GameObjects\Monster\Solider\State\Solider_State_Idle</Filter>
    </ClInclude>
    <ClInclude Include="..\Public\Solider_State_Field.h">
      <Filter>02.GameObjects\Monster\Solider\State\Solider_State_Field</Filter>
    </ClInclude>
    <ClInclude Include="..\Public\Solider_State_Attack.h">
      <Filter>02.GameObjects\Monster\Solider\State\Solider_State_Attack</Filter>
    </ClInclude>
    <ClInclude Include="..\Public\Solider_State_Start.h">
      <Filter>02.GameObjects\Monster\Solider\State\Solider_State_Start</Filter>
    </ClInclude>
    <ClInclude Include="..\Public\Solider_State_Hit.h">
      <Filter>02.GameObjects\Monster\Solider\State\Solider_State_Hit</Filter>
    </ClInclude>
    <ClInclude Include="..\Public\Solider_Gun.h">
      <Filter>02.GameObjects\Monster\Solider\Solider_Gun</Filter>
    </ClInclude>
    <ClInclude Include="..\Public\Solider.h">
      <Filter>02.GameObjects\Monster\Solider</Filter>
    </ClInclude>
    <ClInclude Include="..\Public\Solider_Gun_State_Attack.h">
      <Filter>02.GameObjects\Monster\Solider\Solider_Gun\State</Filter>
    </ClInclude>
    <ClInclude Include="..\Public\Boss.h">
      <Filter>02.GameObjects\Monster\Boss</Filter>
    </ClInclude>
    <ClInclude Include="..\Public\Boss_State_Idle.h">
      <Filter>02.GameObjects\Monster\Boss\State\Boss_State_Idle</Filter>
    </ClInclude>
    <ClInclude Include="..\Public\Boss_State_Attack_Magic.h">
      <Filter>02.GameObjects\Monster\Boss\State\Boss_State_Attack_Magic</Filter>
    </ClInclude>
    <ClInclude Include="..\Public\Boss_State_Attack_Physic.h">
      <Filter>02.GameObjects\Monster\Boss\State\Boss_State_Attack_Physic</Filter>
    </ClInclude>
    <ClInclude Include="..\Public\Boss_State_Field.h">
      <Filter>02.GameObjects\Monster\Boss\State\Boss_State_Field</Filter>
    </ClInclude>
    <ClInclude Include="..\Public\Boss_State_Hit.h">
      <Filter>02.GameObjects\Monster\Boss\State\Boss_State_Hit</Filter>
    </ClInclude>
    <ClInclude Include="..\Public\Boss_State_Skill_Barrier.h">
      <Filter>02.GameObjects\Monster\Boss\State\Boss_State_Skill_Barrier</Filter>
    </ClInclude>
    <ClInclude Include="..\Public\Boss_State_Skill_HellBlast.h">
      <Filter>02.GameObjects\Monster\Boss\State\Boss_State_Skill_HellBlast</Filter>
    </ClInclude>
    <ClInclude Include="..\Public\Trigger.h">
      <Filter>02.GameObjects\Trigger</Filter>
    </ClInclude>
    <ClInclude Include="..\Public\Level_Field_Boss.h">
      <Filter>01.Levels\Field_Boss</Filter>
    </ClInclude>
    <ClInclude Include="..\Public\UI_Battle_Stage_Finish.h">
      <Filter>03.UI\Battle\Player_Battle\Stage\UI_Battle_Stage_Finish</Filter>
    </ClInclude>
    <ClInclude Include="..\Public\Level_Boss_Battle.h">
      <Filter>01.Levels\Boss_Battle</Filter>
    </ClInclude>
    <ClInclude Include="..\Public\Chr_Battle_Vanila_State_Idle.h">
      <Filter>02.GameObjects\Chr\Chr_Battle\Vanila\State\Chr_Battle_Vanila_State_Idle</Filter>
    </ClInclude>
    <ClInclude Include="..\Public\Chr_Battle_Vanila_State_Skill.h">
      <Filter>02.GameObjects\Chr\Chr_Battle\Vanila\State\Chr_Battle_Vanila_State_Skill</Filter>
    </ClInclude>
    <ClInclude Include="..\Public\Chr_Battle_Vanila_State_Dead.h">
      <Filter>02.GameObjects\Chr\Chr_Battle\Vanila\State\Chr_Battle_Vanila_State_Dead</Filter>
    </ClInclude>
    <ClInclude Include="..\Public\Chr_Battle_Vanila_State_Finish.h">
      <Filter>02.GameObjects\Chr\Chr_Battle\Vanila\State\Chr_Battle_Vanila_State_Finish</Filter>
    </ClInclude>
    <ClInclude Include="..\Public\Chr_Battle_Vanila_State_Heal.h">
      <Filter>02.GameObjects\Chr\Chr_Battle\Vanila\State\Chr_Battle_Vanila_State_Heal</Filter>
    </ClInclude>
    <ClInclude Include="..\Public\Chr_Battle_Vanila_State_Optima.h">
      <Filter>02.GameObjects\Chr\Chr_Battle\Vanila\State\Chr_Battle_Vanila_State_Optima</Filter>
    </ClInclude>
    <ClInclude Include="..\Public\Chr_Battle_Vanila_State_Hit.h">
      <Filter>02.GameObjects\Chr\Chr_Battle\Vanila\State\Chr_Battle_Vanila_State_Hit</Filter>
    </ClInclude>
    <ClInclude Include="..\Public\Camera_Battle.h">
      <Filter>02.GameObjects\Camera\Camera_Battle</Filter>
    </ClInclude>
    <ClInclude Include="..\Public\UI_Skill.h">
      <Filter>03.UI\Battle\UI_Skill</Filter>
    </ClInclude>
    <ClInclude Include="..\Public\UI_Optima_Change.h">
      <Filter>03.UI\Battle\UI_Optima_Change</Filter>
    </ClInclude>
    <ClInclude Include="..\Public\UI_Optima.h">
      <Filter>03.UI\Battle\UI_Optima</Filter>
    </ClInclude>
    <ClInclude Include="..\Public\UI_Optima_Info.h">
      <Filter>03.UI\Battle\UI_Optima_Info</Filter>
    </ClInclude>
    <ClInclude Include="..\Public\Sphere.h">
      <Filter>02.GameObjects\Projectile\Sphere</Filter>
    </ClInclude>
    <ClInclude Include="..\Public\Bullet.h">
      <Filter>02.GameObjects\Projectile\Bullet</Filter>
    </ClInclude>
    <ClInclude Include="..\Public\Sphere_Heal.h">
      <Filter>02.GameObjects\Projectile\Sphere\Sphere_Heal</Filter>
    </ClInclude>
    <ClInclude Include="..\Public\Effect.h">
      <Filter>02.GameObjects\Effect</Filter>
    </ClInclude>
    <ClInclude Include="..\Public\Effect_2D.h">
      <Filter>02.GameObjects\Effect\Object\Effect_2D</Filter>
    </ClInclude>
    <ClInclude Include="..\Public\Effect_Interface.h">
      <Filter>02.GameObjects\Effect\Template\Interface</Filter>
    </ClInclude>
    <ClInclude Include="..\Public\Effect_2D_Bone.h">
      <Filter>02.GameObjects\Effect\Object\Effect_2D_Bone</Filter>
    </ClInclude>
    <ClInclude Include="..\Public\Effect_3D.h">
      <Filter>02.GameObjects\Effect\Template\Effect_3D</Filter>
    </ClInclude>
    <ClInclude Include="..\Public\EffectTool.h">
      <Filter>05.Tool\EffectTool</Filter>
    </ClInclude>
    <ClInclude Include="..\Public\Level_EffectTool.h">
      <Filter>01.Levels\EffectTool</Filter>
    </ClInclude>
    <ClInclude Include="..\Public\Effect_Instance.h">
      <Filter>02.GameObjects\Effect\Template\Effect_Instance</Filter>
    </ClInclude>
    <ClInclude Include="..\Public\Effect_Camera_Look.h">
      <Filter>02.GameObjects\Effect\Object\Effect_Camera_Look</Filter>
    </ClInclude>
    <ClInclude Include="..\Public\Corpse.h">
      <Filter>02.GameObjects\Monster\Corpse</Filter>
    </ClInclude>
    <ClInclude Include="..\Public\Electricity.h">
      <Filter>02.GameObjects\Effect\Object\Electricity</Filter>
    </ClInclude>
  </ItemGroup>
  <ItemGroup>
    <ClCompile Include="..\private\MainApp.cpp">
      <Filter>00.MainApp</Filter>
    </ClCompile>
    <ClCompile Include="..\Private\Level_GamePlay.cpp">
      <Filter>01.Levels\GamePlay</Filter>
    </ClCompile>
    <ClCompile Include="..\Private\Level_Loading.cpp">
      <Filter>01.Levels\00. Loading</Filter>
    </ClCompile>
    <ClCompile Include="..\Private\Level_Logo.cpp">
      <Filter>01.Levels\Logo</Filter>
    </ClCompile>
    <ClCompile Include="..\Private\Loader.cpp">
      <Filter>01.Levels\00. Loading\Loader</Filter>
    </ClCompile>
    <ClCompile Include="..\private\BackGround.cpp">
      <Filter>02.GameObjects\BackGround</Filter>
    </ClCompile>
    <ClCompile Include="..\Private\Terrain.cpp">
      <Filter>02.GameObjects\For_Study\Terrain</Filter>
    </ClCompile>
    <ClCompile Include="..\Private\Camera_Free.cpp">
      <Filter>02.GameObjects\Camera</Filter>
    </ClCompile>
    <ClCompile Include="ImGUI\imgui.cpp">
      <Filter>98.Default\Imgui</Filter>
    </ClCompile>
    <ClCompile Include="ImGUI\imgui_demo.cpp">
      <Filter>98.Default\Imgui</Filter>
    </ClCompile>
    <ClCompile Include="ImGUI\imgui_draw.cpp">
      <Filter>98.Default\Imgui</Filter>
    </ClCompile>
    <ClCompile Include="ImGUI\imgui_impl_dx11.cpp">
      <Filter>98.Default\Imgui</Filter>
    </ClCompile>
    <ClCompile Include="ImGUI\imgui_impl_win32.cpp">
      <Filter>98.Default\Imgui</Filter>
    </ClCompile>
    <ClCompile Include="ImGUI\imgui_tables.cpp">
      <Filter>98.Default\Imgui</Filter>
    </ClCompile>
    <ClCompile Include="ImGUI\imgui_widgets.cpp">
      <Filter>98.Default\Imgui</Filter>
    </ClCompile>
    <ClCompile Include="ImGUI\ImGuizmo.cpp">
      <Filter>98.Default\Imgui</Filter>
    </ClCompile>
    <ClCompile Include="..\Private\Level_MapTool.cpp">
      <Filter>01.Levels\MapTool</Filter>
    </ClCompile>
    <ClCompile Include="..\Private\ImGUI_Manager.cpp">
      <Filter>05.Tool\ImGUI_Manager</Filter>
    </ClCompile>
    <ClCompile Include="..\Private\MapTool.cpp">
      <Filter>05.Tool\MapTool</Filter>
    </ClCompile>
    <ClCompile Include="Client.cpp">
      <Filter>98.Default\Default</Filter>
    </ClCompile>
    <ClCompile Include="stdafx.cpp">
      <Filter>98.Default\Default</Filter>
    </ClCompile>
    <ClCompile Include="..\Private\Monster_Study.cpp">
      <Filter>02.GameObjects\For_Study\Monster</Filter>
    </ClCompile>
    <ClCompile Include="..\Private\Camera_Field.cpp">
      <Filter>02.GameObjects\Camera\Camera_Field</Filter>
    </ClCompile>
    <ClCompile Include="..\Private\Grid.cpp">
      <Filter>05.Tool\Grid</Filter>
    </ClCompile>
    <ClCompile Include="..\Private\MapObject.cpp">
      <Filter>02.GameObjects\MapObject</Filter>
    </ClCompile>
    <ClCompile Include="ImGUI\ImGuiFileDialog.cpp">
      <Filter>98.Default\Imgui</Filter>
    </ClCompile>
    <ClCompile Include="..\Private\Level_Parsing.cpp">
      <Filter>01.Levels\Parsing</Filter>
    </ClCompile>
    <ClCompile Include="..\Private\Level_Field.cpp">
      <Filter>01.Levels\Field</Filter>
    </ClCompile>
    <ClCompile Include="..\Private\Forklift.cpp">
      <Filter>02.GameObjects\For_Study\Forklift</Filter>
    </ClCompile>
    <ClCompile Include="..\Private\Chr_Field.cpp">
      <Filter>02.GameObjects\Chr\Chr_Field</Filter>
    </ClCompile>
    <ClCompile Include="..\Private\Chr_Field_State_Idle.cpp">
      <Filter>02.GameObjects\Chr\Chr_Field\State\Chr_Field_State_Idle</Filter>
    </ClCompile>
    <ClCompile Include="..\Private\Chr_Field_State_Walk.cpp">
      <Filter>02.GameObjects\Chr\Chr_Field\State\Chr_Field_State_Walk</Filter>
    </ClCompile>
    <ClCompile Include="..\Private\Chr_Field_State_Battle_Begin.cpp">
      <Filter>02.GameObjects\Chr\Chr_Field\State\Chr_Field_State_Battle_Begin</Filter>
    </ClCompile>
    <ClCompile Include="..\Private\Chr_Field_State_Item.cpp">
      <Filter>02.GameObjects\Chr\Chr_Field\State\Chr_Field_State_Item</Filter>
    </ClCompile>
    <ClCompile Include="..\Private\Player_Study.cpp">
      <Filter>02.GameObjects\For_Study\Player</Filter>
    </ClCompile>
    <ClCompile Include="..\Private\Body_Player.cpp">
      <Filter>02.GameObjects\For_Study\Player\Body_Player</Filter>
    </ClCompile>
    <ClCompile Include="..\Private\Weapon_Study.cpp">
      <Filter>02.GameObjects\For_Study\Player\Weapon</Filter>
    </ClCompile>
    <ClCompile Include="..\Private\Chr_Battle.cpp">
      <Filter>02.GameObjects\Chr\Chr_Battle</Filter>
    </ClCompile>
    <ClCompile Include="..\Private\Chr_Battle_Light.cpp">
      <Filter>02.GameObjects\Chr\Chr_Battle\Light</Filter>
    </ClCompile>
    <ClCompile Include="..\Private\Chr_Battle_Light_State_Idle.cpp">
      <Filter>02.GameObjects\Chr\Chr_Battle\Light\State\Chr_Battle_Light_State_Idle</Filter>
    </ClCompile>
    <ClCompile Include="..\Private\Chr_Battle_Light_State_Attack.cpp">
      <Filter>02.GameObjects\Chr\Chr_Battle\Light\State\Chr_Battle_Light_State_Attack</Filter>
    </ClCompile>
    <ClCompile Include="..\Private\Chr_Battle_Light_State_Hit.cpp">
      <Filter>02.GameObjects\Chr\Chr_Battle\Light\State\Chr_Battle_Light_State_Hit</Filter>
    </ClCompile>
    <ClCompile Include="..\Private\Chr_Battle_Light_State_Dead.cpp">
      <Filter>02.GameObjects\Chr\Chr_Battle\Light\State\Chr_Battle_Light_State_Dead</Filter>
    </ClCompile>
    <ClCompile Include="..\Private\Chr_Battle_Light_State_Item.cpp">
      <Filter>02.GameObjects\Chr\Chr_Battle\Light\State\Chr_Battle_Light_State_Item</Filter>
    </ClCompile>
    <ClCompile Include="..\Private\Body.cpp">
      <Filter>02.GameObjects\PartObject\Body</Filter>
    </ClCompile>
    <ClCompile Include="..\Private\Weapon_Anim.cpp">
      <Filter>02.GameObjects\PartObject\Weapon</Filter>
    </ClCompile>
    <ClCompile Include="..\Private\Level_Battle.cpp">
      <Filter>01.Levels\Battle</Filter>
    </ClCompile>
    <ClCompile Include="..\Private\Chr_Battle_Light_State_Finish.cpp">
      <Filter>02.GameObjects\Chr\Chr_Battle\Light\State\Chr_Battle_Light_State_Finish</Filter>
    </ClCompile>
    <ClCompile Include="..\Private\UI.cpp">
      <Filter>03.UI</Filter>
    </ClCompile>
    <ClCompile Include="..\Private\UI_ATB.cpp">
      <Filter>03.UI\Battle\UI_ATB</Filter>
    </ClCompile>
    <ClCompile Include="..\Private\Player_Battle.cpp">
      <Filter>03.UI\Battle\Player_Battle</Filter>
    </ClCompile>
    <ClCompile Include="..\Private\UI_Pnal.cpp">
      <Filter>03.UI\Battle\UI_Pnal</Filter>
    </ClCompile>
    <ClCompile Include="..\Private\UI_Battle_Stage_Select.cpp">
      <Filter>03.UI\Battle\Player_Battle\Stage\UI_Battle_Stage_Select</Filter>
    </ClCompile>
    <ClCompile Include="..\Private\UI_Battle_Stage_Item.cpp">
      <Filter>03.UI\Battle\Player_Battle\Stage\UI_Battle_Stage_Item</Filter>
    </ClCompile>
    <ClCompile Include="..\Private\UI_Battle_Stage_Command.cpp">
      <Filter>03.UI\Battle\Player_Battle\Stage\UI_Battle_Stage_Command</Filter>
    </ClCompile>
    <ClCompile Include="..\Private\UI_Battle_Stage_Target.cpp">
      <Filter>03.UI\Battle\Player_Battle\Stage\UI_Battle_Stage_Target</Filter>
    </ClCompile>
    <ClCompile Include="..\Private\UI_Cursor.cpp">
      <Filter>03.UI\Battle\UI_Cursor</Filter>
    </ClCompile>
    <ClCompile Include="..\Private\Inventory.cpp">
      <Filter>04.Custom\Inventory</Filter>
    </ClCompile>
    <ClCompile Include="..\Private\Role.cpp">
      <Filter>04.Custom\Optima\Role</Filter>
    </ClCompile>
    <ClCompile Include="..\Private\Optima.cpp">
      <Filter>04.Custom\Optima</Filter>
    </ClCompile>
    <ClCompile Include="..\Private\Ability.cpp">
      <Filter>04.Custom\Optima\Ability</Filter>
    </ClCompile>
    <ClCompile Include="..\Private\UI_Pnal_Attack.cpp">
      <Filter>03.UI\Battle\UI_Pnal\UI_Pnal_Attack</Filter>
    </ClCompile>
    <ClCompile Include="..\Private\UI_Battle_Stage_Wait.cpp">
      <Filter>03.UI\Battle\Player_Battle\Stage\UI_Battle_Stage_Wait</Filter>
    </ClCompile>
    <ClCompile Include="..\Private\UI_Battle_Stage_Target_Member.cpp">
      <Filter>03.UI\Battle\Player_Battle\Stage\UI_Battle_Stage_Target_Member</Filter>
    </ClCompile>
    <ClCompile Include="..\Private\UI_Pnal_Item.cpp">
      <Filter>03.UI\Battle\UI_Pnal\UI_Pnal_Item</Filter>
    </ClCompile>
    <ClCompile Include="..\Private\Chr_Battle_Light_State_Prepare.cpp">
      <Filter>02.GameObjects\Chr\Chr_Battle\Light\State\Chr_Battle_Light_State_Prepare</Filter>
    </ClCompile>
    <ClCompile Include="..\Private\Chr_Battle_Sazh.cpp">
      <Filter>02.GameObjects\Chr\Chr_Battle\Sazh</Filter>
    </ClCompile>
    <ClCompile Include="..\Private\Chr_Battle_Sazh_State_Idle.cpp">
      <Filter>02.GameObjects\Chr\Chr_Battle\Sazh\State\Chr_Battle_Sazh_State_Idle</Filter>
    </ClCompile>
    <ClCompile Include="..\Private\Chr_Battle_Sazh_State_Attack.cpp">
      <Filter>02.GameObjects\Chr\Chr_Battle\Sazh\State\Chr_Battle_Sazh_State_Attack</Filter>
    </ClCompile>
    <ClCompile Include="..\Private\Chr_Battle_Sazh_State_Dead.cpp">
      <Filter>02.GameObjects\Chr\Chr_Battle\Sazh\State\Chr_Battle_Sazh_State_Dead</Filter>
    </ClCompile>
    <ClCompile Include="..\Private\Chr_Battle_Sazh_State_Finish.cpp">
      <Filter>02.GameObjects\Chr\Chr_Battle\Sazh\State\Chr_Battle_Sazh_State_Finish</Filter>
    </ClCompile>
    <ClCompile Include="..\Private\Chr_Battle_Sazh_State_Hit.cpp">
      <Filter>02.GameObjects\Chr\Chr_Battle\Sazh\State\Chr_Battle_Sazh_State_Hit</Filter>
    </ClCompile>
    <ClCompile Include="..\Private\Chr_Battle_Sazh_State_Skill.cpp">
      <Filter>02.GameObjects\Chr\Chr_Battle\Sazh\State\Chr_Battle_Sazh_State_Skill</Filter>
    </ClCompile>
    <ClCompile Include="..\Private\Chr_Battle_Vanila.cpp">
      <Filter>02.GameObjects\Chr\Chr_Battle\Vanila</Filter>
    </ClCompile>
    <ClCompile Include="..\Private\UI_Battle_Stage_Optima.cpp">
      <Filter>03.UI\Battle\Player_Battle\Stage\UI_Battle_Stage_Optima</Filter>
    </ClCompile>
    <ClCompile Include="..\Private\Chr_Battle_Light_State_Optima.cpp">
      <Filter>02.GameObjects\Chr\Chr_Battle\Light\State\Chr_Battle_Light_State_Optima</Filter>
    </ClCompile>
    <ClCompile Include="..\Private\Chr_Battle_Sazh_State_Optima.cpp">
      <Filter>02.GameObjects\Chr\Chr_Battle\Sazh\State\Chr_Battle_Sazh_State_Optima</Filter>
    </ClCompile>
    <ClCompile Include="..\Private\UI_Chr.cpp">
      <Filter>03.UI\Battle\UI_Chr</Filter>
    </ClCompile>
    <ClCompile Include="..\Private\UI_Battle_Stage_Wait_Optima.cpp">
      <Filter>03.UI\Battle\Player_Battle\Stage\UI_Battle_Stage_Wait_Optima</Filter>
    </ClCompile>
    <ClCompile Include="..\Private\Monster.cpp">
      <Filter>02.GameObjects\Monster</Filter>
    </ClCompile>
    <ClCompile Include="..\Private\Leopard.cpp">
      <Filter>02.GameObjects\Monster\Leopard</Filter>
    </ClCompile>
    <ClCompile Include="..\Private\Leopard_State_Idle.cpp">
      <Filter>02.GameObjects\Monster\Leopard\State\Leopard_State_Idle</Filter>
    </ClCompile>
    <ClCompile Include="..\Private\Leopard_State_Attack.cpp">
      <Filter>02.GameObjects\Monster\Leopard\State\Leopard_State_Attack</Filter>
    </ClCompile>
    <ClCompile Include="..\Private\Leopard_State_Hit.cpp">
      <Filter>02.GameObjects\Monster\Leopard\State\Leopard_State_Hit</Filter>
    </ClCompile>
    <ClCompile Include="..\Private\UI_Chain.cpp">
      <Filter>03.UI\Battle\UI_Chain</Filter>
    </ClCompile>
    <ClCompile Include="..\Private\UI_Monster_Hp.cpp">
      <Filter>03.UI\Battle\UI_Monster_Hp</Filter>
    </ClCompile>
    <ClCompile Include="..\Private\Troup.cpp">
      <Filter>04.Custom\Troup</Filter>
    </ClCompile>
    <ClCompile Include="..\Private\Leopard_State_Field.cpp">
      <Filter>02.GameObjects\Monster\Leopard\State\Leopard_State_Field</Filter>
    </ClCompile>
    <ClCompile Include="..\Private\Leopard_State_Start.cpp">
      <Filter>02.GameObjects\Monster\Leopard\State\Leopard_State_Start</Filter>
    </ClCompile>
    <ClCompile Include="..\Private\Particle_Blue.cpp">
      <Filter>02.GameObjects\For_Study\Particle_Blue</Filter>
    </ClCompile>
    <ClCompile Include="..\Private\Sky.cpp">
      <Filter>02.GameObjects\Sky</Filter>
    </ClCompile>
    <ClCompile Include="..\Private\UI_Number.cpp">
      <Filter>03.UI\Battle\UI_Number</Filter>
    </ClCompile>
    <ClCompile Include="..\Private\Warload.cpp">
      <Filter>02.GameObjects\Monster\Warload</Filter>
    </ClCompile>
    <ClCompile Include="..\Private\Warload_State_Idle.cpp">
      <Filter>02.GameObjects\Monster\Warload\State\Warload_State_Idle</Filter>
    </ClCompile>
    <ClCompile Include="..\Private\Warload_State_Attack.cpp">
      <Filter>02.GameObjects\Monster\Warload\State\Warload_State_Attack</Filter>
    </ClCompile>
    <ClCompile Include="..\Private\Warload_State_Field.cpp">
      <Filter>02.GameObjects\Monster\Warload\State\Warload_State_Field</Filter>
    </ClCompile>
    <ClCompile Include="..\Private\Warload_State_Hit.cpp">
      <Filter>02.GameObjects\Monster\Warload\State\Warload_State_Hit</Filter>
    </ClCompile>
    <ClCompile Include="..\Private\Warload_State_Skill.cpp">
      <Filter>02.GameObjects\Monster\Warload\State\Warload_State_Skill</Filter>
    </ClCompile>
    <ClCompile Include="..\Private\Warload_State_Start.cpp">
      <Filter>02.GameObjects\Monster\Warload\State\Warload_State_Start</Filter>
    </ClCompile>
    <ClCompile Include="..\Private\Solider_State_Idle.cpp">
      <Filter>02.GameObjects\Monster\Solider\State\Solider_State_Idle</Filter>
    </ClCompile>
    <ClCompile Include="..\Private\Solider_State_Field.cpp">
      <Filter>02.GameObjects\Monster\Solider\State\Solider_State_Field</Filter>
    </ClCompile>
    <ClCompile Include="..\Private\Solider_State_Attack.cpp">
      <Filter>02.GameObjects\Monster\Solider\State\Solider_State_Attack</Filter>
    </ClCompile>
    <ClCompile Include="..\Private\Solider_State_Start.cpp">
      <Filter>02.GameObjects\Monster\Solider\State\Solider_State_Start</Filter>
    </ClCompile>
    <ClCompile Include="..\Private\Solider_State_Hit.cpp">
      <Filter>02.GameObjects\Monster\Solider\State\Solider_State_Hit</Filter>
    </ClCompile>
    <ClCompile Include="..\Private\Solider_Gun.cpp">
      <Filter>02.GameObjects\Monster\Solider\Solider_Gun</Filter>
    </ClCompile>
    <ClCompile Include="..\Private\Solider.cpp">
      <Filter>02.GameObjects\Monster\Solider</Filter>
    </ClCompile>
    <ClCompile Include="..\Private\Solider_Gun_State_Attack.cpp">
      <Filter>02.GameObjects\Monster\Solider\Solider_Gun\State</Filter>
    </ClCompile>
    <ClCompile Include="..\Private\Boss.cpp">
      <Filter>02.GameObjects\Monster\Boss</Filter>
    </ClCompile>
    <ClCompile Include="..\Private\Boss_State_Idle.cpp">
      <Filter>02.GameObjects\Monster\Boss\State\Boss_State_Idle</Filter>
    </ClCompile>
    <ClCompile Include="..\Private\Boss_State_Attack_Magic.cpp">
      <Filter>02.GameObjects\Monster\Boss\State\Boss_State_Attack_Magic</Filter>
    </ClCompile>
    <ClCompile Include="..\Private\Boss_State_Attack_Physic.cpp">
      <Filter>02.GameObjects\Monster\Boss\State\Boss_State_Attack_Physic</Filter>
    </ClCompile>
    <ClCompile Include="..\Private\Boss_State_Field.cpp">
      <Filter>02.GameObjects\Monster\Boss\State\Boss_State_Field</Filter>
    </ClCompile>
    <ClCompile Include="..\Private\Boss_State_Hit.cpp">
      <Filter>02.GameObjects\Monster\Boss\State\Boss_State_Hit</Filter>
    </ClCompile>
    <ClCompile Include="..\Private\Boss_State_Skill_Barrier.cpp">
      <Filter>02.GameObjects\Monster\Boss\State\Boss_State_Skill_Barrier</Filter>
    </ClCompile>
    <ClCompile Include="..\Private\Boss_State_Skill_HellBlast.cpp">
      <Filter>02.GameObjects\Monster\Boss\State\Boss_State_Skill_HellBlast</Filter>
    </ClCompile>
    <ClCompile Include="..\Private\Trigger.cpp">
      <Filter>02.GameObjects\Trigger</Filter>
    </ClCompile>
    <ClCompile Include="..\Private\Level_Field_Boss.cpp">
      <Filter>01.Levels\Field_Boss</Filter>
    </ClCompile>
    <ClCompile Include="..\Private\UI_Battle_Stage_Finish.cpp">
      <Filter>03.UI\Battle\Player_Battle\Stage\UI_Battle_Stage_Finish</Filter>
    </ClCompile>
    <ClCompile Include="..\Private\Level_Boss_Battle.cpp">
      <Filter>01.Levels\Boss_Battle</Filter>
    </ClCompile>
    <ClCompile Include="..\Private\Chr_Battle_Vanila_State_Idle.cpp">
      <Filter>02.GameObjects\Chr\Chr_Battle\Vanila\State\Chr_Battle_Vanila_State_Idle</Filter>
    </ClCompile>
    <ClCompile Include="..\Private\Chr_Field_State_Move.cpp">
      <Filter>02.GameObjects\Chr\Chr_Field\State\Chr_Field_State_Move</Filter>
    </ClCompile>
    <ClCompile Include="..\Private\Chr_Battle_Vanila_State_Skill.cpp">
      <Filter>02.GameObjects\Chr\Chr_Battle\Vanila\State\Chr_Battle_Vanila_State_Skill</Filter>
    </ClCompile>
    <ClCompile Include="..\Private\Chr_Battle_Vanila_State_Dead.cpp">
      <Filter>02.GameObjects\Chr\Chr_Battle\Vanila\State\Chr_Battle_Vanila_State_Dead</Filter>
    </ClCompile>
    <ClCompile Include="..\Private\Chr_Battle_Vanila_State_Finish.cpp">
      <Filter>02.GameObjects\Chr\Chr_Battle\Vanila\State\Chr_Battle_Vanila_State_Finish</Filter>
    </ClCompile>
    <ClCompile Include="..\Private\Chr_Battle_Vanila_State_Heal.cpp">
      <Filter>02.GameObjects\Chr\Chr_Battle\Vanila\State\Chr_Battle_Vanila_State_Heal</Filter>
    </ClCompile>
    <ClCompile Include="..\Private\Chr_Battle_Vanila_State_Optima.cpp">
      <Filter>02.GameObjects\Chr\Chr_Battle\Vanila\State\Chr_Battle_Vanila_State_Optima</Filter>
    </ClCompile>
    <ClCompile Include="..\Private\Chr_Battle_Vanila_State_Hit.cpp">
      <Filter>02.GameObjects\Chr\Chr_Battle\Vanila\State\Chr_Battle_Vanila_State_Hit</Filter>
    </ClCompile>
    <ClCompile Include="..\Private\Camera_Battle.cpp">
      <Filter>02.GameObjects\Camera\Camera_Battle</Filter>
    </ClCompile>
    <ClCompile Include="..\Private\UI_Skill.cpp">
      <Filter>03.UI\Battle\UI_Skill</Filter>
    </ClCompile>
    <ClCompile Include="..\Private\UI_Optima_Change.cpp">
      <Filter>03.UI\Battle\UI_Optima_Change</Filter>
    </ClCompile>
    <ClCompile Include="..\Private\UI_Optima.cpp">
      <Filter>03.UI\Battle\UI_Optima</Filter>
    </ClCompile>
    <ClCompile Include="..\Private\UI_Optima_Info.cpp">
      <Filter>03.UI\Battle\UI_Optima_Info</Filter>
    </ClCompile>
    <ClCompile Include="..\Private\Sphere.cpp">
      <Filter>02.GameObjects\Projectile\Sphere</Filter>
    </ClCompile>
    <ClCompile Include="..\Private\Bullet.cpp">
      <Filter>02.GameObjects\Projectile\Bullet</Filter>
    </ClCompile>
    <ClCompile Include="..\Private\Sphere_Heal.cpp">
      <Filter>02.GameObjects\Projectile\Sphere\Sphere_Heal</Filter>
    </ClCompile>
    <ClCompile Include="..\Private\Effect.cpp">
      <Filter>02.GameObjects\Effect</Filter>
    </ClCompile>
    <ClCompile Include="..\Private\Effect_2D.cpp">
      <Filter>02.GameObjects\Effect\Object\Effect_2D</Filter>
    </ClCompile>
    <ClCompile Include="..\Private\Effect_Interface.cpp">
      <Filter>02.GameObjects\Effect\Template\Interface</Filter>
    </ClCompile>
    <ClCompile Include="..\Private\Effect_2D_Bone.cpp">
      <Filter>02.GameObjects\Effect\Object\Effect_2D_Bone</Filter>
    </ClCompile>
    <ClCompile Include="..\Private\Effect_3D.cpp">
      <Filter>02.GameObjects\Effect\Template\Effect_3D</Filter>
    </ClCompile>
    <ClCompile Include="..\Private\EffectTool.cpp">
      <Filter>05.Tool\EffectTool</Filter>
    </ClCompile>
    <ClCompile Include="..\Private\Level_EffectTool.cpp">
      <Filter>01.Levels\EffectTool</Filter>
    </ClCompile>
    <ClCompile Include="..\Private\Effect_Instance.cpp">
      <Filter>02.GameObjects\Effect\Template\Effect_Instance</Filter>
    </ClCompile>
    <ClCompile Include="..\Private\Effect_Camera_Look.cpp">
      <Filter>02.GameObjects\Effect\Object\Effect_Camera_Look</Filter>
    </ClCompile>
    <ClCompile Include="..\Private\Corpse.cpp">
      <Filter>02.GameObjects\Monster\Corpse</Filter>
    </ClCompile>
    <ClCompile Include="..\Private\Electricity.cpp">
      <Filter>02.GameObjects\Effect\Object\Electricity</Filter>
    </ClCompile>
  </ItemGroup>
  <ItemGroup>
    <Image Include="Client.ico">
      <Filter>98.Default\Default</Filter>
    </Image>
    <Image Include="small.ico">
      <Filter>98.Default\Default</Filter>
    </Image>
  </ItemGroup>
  <ItemGroup>
    <ResourceCompile Include="Client.rc">
      <Filter>98.Default\Default</Filter>
    </ResourceCompile>
  </ItemGroup>
  <ItemGroup>
    <Text Include="ReadMe.txt">
      <Filter>98.Default\Default</Filter>
    </Text>
  </ItemGroup>
  <ItemGroup>
    <FxCompile Include="..\Bin\ShaderFiles\Shader_VtxPosTex.hlsl">
      <Filter>97.ShaderFiles</Filter>
    </FxCompile>
    <FxCompile Include="..\Bin\ShaderFiles\Shader_VtxPos.hlsl">
      <Filter>97.ShaderFiles</Filter>
    </FxCompile>
    <FxCompile Include="..\Bin\ShaderFiles\Shader_VtxNorTex.hlsl">
      <Filter>97.ShaderFiles</Filter>
    </FxCompile>
    <FxCompile Include="..\Bin\ShaderFiles\Shader_VtxModel.hlsl">
      <Filter>97.ShaderFiles</Filter>
    </FxCompile>
    <FxCompile Include="..\Bin\ShaderFiles\Shader_VtxAnimModel.hlsl">
      <Filter>97.ShaderFiles</Filter>
    </FxCompile>
    <FxCompile Include="..\Bin\ShaderFiles\Shader_VtxPosTex_UI.hlsl">
      <Filter>97.ShaderFiles</Filter>
    </FxCompile>
    <FxCompile Include="..\Bin\ShaderFiles\Shader_Cell.hlsl">
      <Filter>97.ShaderFiles</Filter>
    </FxCompile>
    <FxCompile Include="..\Bin\ShaderFiles\Shader_VtxCube.hlsl">
      <Filter>97.ShaderFiles</Filter>
    </FxCompile>
    <FxCompile Include="..\Bin\ShaderFiles\Shader_VtxInstance_Rect.hlsl">
      <Filter>97.ShaderFiles</Filter>
    </FxCompile>
    <FxCompile Include="..\Bin\ShaderFiles\Shader_VtxModel_Effect.hlsl">
      <Filter>97.ShaderFiles</Filter>
    </FxCompile>
    <FxCompile Include="..\Bin\ShaderFiles\Shader_VtxInstance_Point.hlsl">
      <Filter>97.ShaderFiles</Filter>
    </FxCompile>
  </ItemGroup>
</Project>