<?xml version="1.0" encoding="utf-8"?>
<Project ToolsVersion="4.0" xmlns="http://schemas.microsoft.com/developer/msbuild/2003">
  <ItemGroup>
    <Filter Include="00.MainApp">
      <UniqueIdentifier>{e8c1446f-d68b-429c-803b-6a9457cc52fa}</UniqueIdentifier>
    </Filter>
    <Filter Include="99.Defines">
      <UniqueIdentifier>{ce854a45-6a35-475d-8655-cb379d1be032}</UniqueIdentifier>
    </Filter>
    <Filter Include="01.Levels">
      <UniqueIdentifier>{cc644f60-4ecb-49a8-8586-e9c4ccbdb419}</UniqueIdentifier>
    </Filter>
    <Filter Include="98.Default">
      <UniqueIdentifier>{00a0e8fc-8926-4877-aa3c-b6cc3ff3f072}</UniqueIdentifier>
    </Filter>
    <Filter Include="01.Levels\GamePlay">
      <UniqueIdentifier>{8b1d5579-1fb9-493c-96b9-62d618153e5d}</UniqueIdentifier>
    </Filter>
    <Filter Include="02.GameObjects">
      <UniqueIdentifier>{c4cae272-dd94-43ce-85e6-ecc0b24de4d0}</UniqueIdentifier>
    </Filter>
    <Filter Include="02.GameObjects\BackGround">
      <UniqueIdentifier>{ef3d146c-47a4-4cea-8ab8-0d3efb6a9884}</UniqueIdentifier>
    </Filter>
    <Filter Include="02.GameObjects\Terrain">
      <UniqueIdentifier>{b741feae-f4f3-48ab-8434-c15caeee4e38}</UniqueIdentifier>
    </Filter>
    <Filter Include="02.GameObjects\Camera">
      <UniqueIdentifier>{9ac80f32-39cd-468a-a089-e5cd491c3d5e}</UniqueIdentifier>
    </Filter>
    <Filter Include="98.Default\Imgui">
      <UniqueIdentifier>{6d97fb8b-935c-4f4b-85d0-6f22d6548367}</UniqueIdentifier>
    </Filter>
    <Filter Include="01.Levels\MapTool">
      <UniqueIdentifier>{f23c3697-1995-440e-b6ce-e19a6e822022}</UniqueIdentifier>
    </Filter>
    <Filter Include="98.Default\Default">
      <UniqueIdentifier>{785578c5-9a72-4fed-befd-94998f7ecf0e}</UniqueIdentifier>
    </Filter>
    <Filter Include="02.GameObjects\Monster">
      <UniqueIdentifier>{e197b717-c7cd-4f12-87ea-66937e11f1b7}</UniqueIdentifier>
    </Filter>
    <Filter Include="03.Tool">
      <UniqueIdentifier>{e891e4cc-0e2a-4c07-8237-84151f973697}</UniqueIdentifier>
    </Filter>
    <Filter Include="03.Tool\ImGUI_Manager">
      <UniqueIdentifier>{93a60aa1-4561-4bfd-8cdf-53fc3a87d7b7}</UniqueIdentifier>
    </Filter>
    <Filter Include="03.Tool\MapTool">
      <UniqueIdentifier>{baf87ab4-a580-4033-af33-f67b69e39352}</UniqueIdentifier>
    </Filter>
    <Filter Include="03.Tool\Grid">
      <UniqueIdentifier>{361cfe83-dc5d-4c85-bce0-b5a6a5336b45}</UniqueIdentifier>
    </Filter>
    <Filter Include="01.Levels\Logo">
      <UniqueIdentifier>{7fa67ac9-2f2d-435f-bf35-849f5cbedd3c}</UniqueIdentifier>
    </Filter>
    <Filter Include="01.Levels\00. Loading">
      <UniqueIdentifier>{783aa7d0-e4a9-47f3-b857-f5b824dad2b8}</UniqueIdentifier>
    </Filter>
    <Filter Include="01.Levels\00. Loading\Loader">
      <UniqueIdentifier>{17ab5a45-d880-40f6-b518-e747936c79d3}</UniqueIdentifier>
    </Filter>
    <Filter Include="02.GameObjects\MapObject">
      <UniqueIdentifier>{8ea06343-b051-48e6-8df6-14ef0dfc9672}</UniqueIdentifier>
    </Filter>
    <Filter Include="01.Levels\Parsing">
      <UniqueIdentifier>{2c2434a8-8e10-4ec5-a4ec-8dca89b9d087}</UniqueIdentifier>
    </Filter>
    <Filter Include="03.Tool\ParsingTool">
      <UniqueIdentifier>{b9fd3cc1-20ee-4260-a74e-eb6420d41339}</UniqueIdentifier>
    </Filter>
    <Filter Include="03.Tool\TestModel">
      <UniqueIdentifier>{f9e27d2f-b762-4419-8ceb-c8bf3c66025a}</UniqueIdentifier>
    </Filter>
    <Filter Include="01.Levels\Field">
      <UniqueIdentifier>{2e0265c2-3472-44b1-8b2e-4f0c0222b245}</UniqueIdentifier>
    </Filter>
    <Filter Include="02.GameObjects\Chr">
      <UniqueIdentifier>{0b76502d-da7c-4568-9932-fffd3ca18563}</UniqueIdentifier>
    </Filter>
    <Filter Include="97.ShaderFiles">
      <UniqueIdentifier>{d6e2a203-34e3-4d2d-a018-b7392a4f907f}</UniqueIdentifier>
    </Filter>
    <Filter Include="02.GameObjects\Camera\Camera_Field">
      <UniqueIdentifier>{f99eeff5-6bdb-4186-92c5-2ab693299622}</UniqueIdentifier>
    </Filter>
    <Filter Include="02.GameObjects\Forklift">
      <UniqueIdentifier>{71dcb4da-a072-4364-a534-e77e2b804c60}</UniqueIdentifier>
    </Filter>
    <Filter Include="02.GameObjects\Chr\Chr_Field">
      <UniqueIdentifier>{b1dad8bd-cbf0-49d0-973a-14e7657f0613}</UniqueIdentifier>
    </Filter>
    <Filter Include="02.GameObjects\Chr\Chr_Field\State">
      <UniqueIdentifier>{1804b0d5-9511-4e0f-ae93-084f61cf75b3}</UniqueIdentifier>
    </Filter>
    <Filter Include="02.GameObjects\Chr\Chr_Field\State\Chr_Field_State_Idle">
      <UniqueIdentifier>{0e1ee73d-1520-4164-b2c0-bff32003431a}</UniqueIdentifier>
    </Filter>
    <Filter Include="02.GameObjects\Chr\Chr_Field\State\Chr_Field_State_Move">
      <UniqueIdentifier>{36b88fe8-77e2-40e2-91e5-20b7823000c9}</UniqueIdentifier>
    </Filter>
    <Filter Include="02.GameObjects\Chr\Chr_Field\State\Chr_Field_State_Walk">
      <UniqueIdentifier>{da510b5f-b40f-4a3f-8087-a1d2394ba8a1}</UniqueIdentifier>
    </Filter>
    <Filter Include="02.GameObjects\Chr\Chr_Field\State\Chr_Field_State_Battle_Begin">
      <UniqueIdentifier>{42d4cdc1-10d7-4fa2-8a77-664a3d640849}</UniqueIdentifier>
    </Filter>
    <Filter Include="02.GameObjects\Chr\Chr_Field\State\Chr_Field_State_Item">
      <UniqueIdentifier>{60c78af1-10d7-4383-82ac-398c7b19420c}</UniqueIdentifier>
    </Filter>
  </ItemGroup>
  <ItemGroup>
    <ClInclude Include="..\public\MainApp.h">
      <Filter>00.MainApp</Filter>
    </ClInclude>
    <ClInclude Include="..\Public\Level_GamePlay.h">
      <Filter>01.Levels\GamePlay</Filter>
    </ClInclude>
    <ClInclude Include="..\Public\Level_Loading.h">
      <Filter>01.Levels\00. Loading</Filter>
    </ClInclude>
    <ClInclude Include="..\Public\Level_Logo.h">
      <Filter>01.Levels\Logo</Filter>
    </ClInclude>
    <ClInclude Include="..\public\BackGround.h">
      <Filter>02.GameObjects\BackGround</Filter>
    </ClInclude>
    <ClInclude Include="..\Public\Terrain.h">
      <Filter>02.GameObjects\Terrain</Filter>
    </ClInclude>
    <ClInclude Include="..\Public\Client_Defines.h">
      <Filter>99.Defines</Filter>
    </ClInclude>
    <ClInclude Include="..\Public\Camera_Free.h">
      <Filter>02.GameObjects\Camera</Filter>
    </ClInclude>
    <ClInclude Include="ImGUI\imconfig.h">
      <Filter>98.Default\Imgui</Filter>
    </ClInclude>
    <ClInclude Include="ImGUI\imgui.h">
      <Filter>98.Default\Imgui</Filter>
    </ClInclude>
    <ClInclude Include="ImGUI\imgui_impl_dx11.h">
      <Filter>98.Default\Imgui</Filter>
    </ClInclude>
    <ClInclude Include="ImGUI\imgui_impl_win32.h">
      <Filter>98.Default\Imgui</Filter>
    </ClInclude>
    <ClInclude Include="ImGUI\imgui_internal.h">
      <Filter>98.Default\Imgui</Filter>
    </ClInclude>
    <ClInclude Include="ImGUI\ImGuizmo.h">
      <Filter>98.Default\Imgui</Filter>
    </ClInclude>
    <ClInclude Include="ImGUI\imstb_rectpack.h">
      <Filter>98.Default\Imgui</Filter>
    </ClInclude>
    <ClInclude Include="ImGUI\imstb_textedit.h">
      <Filter>98.Default\Imgui</Filter>
    </ClInclude>
    <ClInclude Include="ImGUI\imstb_truetype.h">
      <Filter>98.Default\Imgui</Filter>
    </ClInclude>
    <ClInclude Include="..\Public\Level_MapTool.h">
      <Filter>01.Levels\MapTool</Filter>
    </ClInclude>
    <ClInclude Include="..\Public\ImGUI_Manager.h">
      <Filter>03.Tool\ImGUI_Manager</Filter>
    </ClInclude>
    <ClInclude Include="..\Public\MapTool.h">
      <Filter>03.Tool\MapTool</Filter>
    </ClInclude>
    <ClInclude Include="Client.h">
      <Filter>98.Default\Default</Filter>
    </ClInclude>
    <ClInclude Include="Resource.h">
      <Filter>98.Default\Default</Filter>
    </ClInclude>
    <ClInclude Include="stdafx.h">
      <Filter>98.Default\Default</Filter>
    </ClInclude>
    <ClInclude Include="targetver.h">
      <Filter>98.Default\Default</Filter>
    </ClInclude>
    <ClInclude Include="..\Public\Monster.h">
      <Filter>02.GameObjects\Monster</Filter>
    </ClInclude>
    <ClInclude Include="..\Public\Camera_Field.h">
      <Filter>02.GameObjects\Camera\Camera_Field</Filter>
    </ClInclude>
    <ClInclude Include="..\Public\Grid.h">
      <Filter>03.Tool\Grid</Filter>
    </ClInclude>
    <ClInclude Include="..\Public\MapObject.h">
      <Filter>02.GameObjects\MapObject</Filter>
    </ClInclude>
    <ClInclude Include="ImGUI\ImGuiFileDialog.h">
      <Filter>98.Default\Imgui</Filter>
    </ClInclude>
    <ClInclude Include="ImGUI\ImGuiFileDialogConfig.h">
      <Filter>98.Default\Imgui</Filter>
    </ClInclude>
    <ClInclude Include="ImGUI\dirent.h">
      <Filter>98.Default\Imgui</Filter>
    </ClInclude>
    <ClInclude Include="..\Public\Level_Parsing.h">
      <Filter>01.Levels\Parsing</Filter>
    </ClInclude>
    <ClInclude Include="..\Public\ParsingTool.h">
      <Filter>03.Tool\ParsingTool</Filter>
    </ClInclude>
    <ClInclude Include="..\Public\TestModel.h">
      <Filter>03.Tool\TestModel</Filter>
    </ClInclude>
    <ClInclude Include="..\Public\Level_Field.h">
      <Filter>01.Levels\Field</Filter>
    </ClInclude>
    <ClInclude Include="..\Public\Chr.h">
      <Filter>02.GameObjects\Chr</Filter>
    </ClInclude>
    <ClInclude Include="..\Public\Loader.h">
      <Filter>01.Levels\00. Loading\Loader</Filter>
    </ClInclude>
    <ClInclude Include="..\Public\Forklift.h">
      <Filter>02.GameObjects\Forklift</Filter>
    </ClInclude>
    <ClInclude Include="..\Public\Chr_Field.h">
      <Filter>02.GameObjects\Chr\Chr_Field</Filter>
    </ClInclude>
    <ClInclude Include="..\Public\Chr_Field_State_Idle.h">
      <Filter>02.GameObjects\Chr\Chr_Field\State\Chr_Field_State_Idle</Filter>
    </ClInclude>
    <ClInclude Include="..\Public\Chr_Field_State_Move.h">
      <Filter>02.GameObjects\Chr\Chr_Field\State\Chr_Field_State_Move</Filter>
    </ClInclude>
    <ClInclude Include="..\Public\Chr_Field_State_Walk.h">
      <Filter>02.GameObjects\Chr\Chr_Field\State\Chr_Field_State_Walk</Filter>
    </ClInclude>
    <ClInclude Include="..\Public\Chr_Field_State_Battle_Begin.h">
      <Filter>02.GameObjects\Chr\Chr_Field\State\Chr_Field_State_Battle_Begin</Filter>
    </ClInclude>
    <ClInclude Include="..\Public\Chr_Field_State_Item.h">
      <Filter>02.GameObjects\Chr\Chr_Field\State\Chr_Field_State_Item</Filter>
    </ClInclude>
  </ItemGroup>
  <ItemGroup>
    <ClCompile Include="..\private\MainApp.cpp">
      <Filter>00.MainApp</Filter>
    </ClCompile>
    <ClCompile Include="..\Private\Level_GamePlay.cpp">
      <Filter>01.Levels\GamePlay</Filter>
    </ClCompile>
    <ClCompile Include="..\Private\Level_Loading.cpp">
      <Filter>01.Levels\00. Loading</Filter>
    </ClCompile>
    <ClCompile Include="..\Private\Level_Logo.cpp">
      <Filter>01.Levels\Logo</Filter>
    </ClCompile>
    <ClCompile Include="..\Private\Loader.cpp">
      <Filter>01.Levels\00. Loading\Loader</Filter>
    </ClCompile>
    <ClCompile Include="..\private\BackGround.cpp">
      <Filter>02.GameObjects\BackGround</Filter>
    </ClCompile>
    <ClCompile Include="..\Private\Terrain.cpp">
      <Filter>02.GameObjects\Terrain</Filter>
    </ClCompile>
    <ClCompile Include="..\Private\Camera_Free.cpp">
      <Filter>02.GameObjects\Camera</Filter>
    </ClCompile>
    <ClCompile Include="ImGUI\imgui.cpp">
      <Filter>98.Default\Imgui</Filter>
    </ClCompile>
    <ClCompile Include="ImGUI\imgui_demo.cpp">
      <Filter>98.Default\Imgui</Filter>
    </ClCompile>
    <ClCompile Include="ImGUI\imgui_draw.cpp">
      <Filter>98.Default\Imgui</Filter>
    </ClCompile>
    <ClCompile Include="ImGUI\imgui_impl_dx11.cpp">
      <Filter>98.Default\Imgui</Filter>
    </ClCompile>
    <ClCompile Include="ImGUI\imgui_impl_win32.cpp">
      <Filter>98.Default\Imgui</Filter>
    </ClCompile>
    <ClCompile Include="ImGUI\imgui_tables.cpp">
      <Filter>98.Default\Imgui</Filter>
    </ClCompile>
    <ClCompile Include="ImGUI\imgui_widgets.cpp">
      <Filter>98.Default\Imgui</Filter>
    </ClCompile>
    <ClCompile Include="ImGUI\ImGuizmo.cpp">
      <Filter>98.Default\Imgui</Filter>
    </ClCompile>
    <ClCompile Include="..\Private\Level_MapTool.cpp">
      <Filter>01.Levels\MapTool</Filter>
    </ClCompile>
    <ClCompile Include="..\Private\ImGUI_Manager.cpp">
      <Filter>03.Tool\ImGUI_Manager</Filter>
    </ClCompile>
    <ClCompile Include="..\Private\MapTool.cpp">
      <Filter>03.Tool\MapTool</Filter>
    </ClCompile>
    <ClCompile Include="Client.cpp">
      <Filter>98.Default\Default</Filter>
    </ClCompile>
    <ClCompile Include="stdafx.cpp">
      <Filter>98.Default\Default</Filter>
    </ClCompile>
    <ClCompile Include="..\Private\Monster.cpp">
      <Filter>02.GameObjects\Monster</Filter>
    </ClCompile>
    <ClCompile Include="..\Private\Camera_Field.cpp">
      <Filter>02.GameObjects\Camera\Camera_Field</Filter>
    </ClCompile>
    <ClCompile Include="..\Private\Grid.cpp">
      <Filter>03.Tool\Grid</Filter>
    </ClCompile>
    <ClCompile Include="..\Private\MapObject.cpp">
      <Filter>02.GameObjects\MapObject</Filter>
    </ClCompile>
    <ClCompile Include="ImGUI\ImGuiFileDialog.cpp">
      <Filter>98.Default\Imgui</Filter>
    </ClCompile>
    <ClCompile Include="..\Private\Level_Parsing.cpp">
      <Filter>01.Levels\Parsing</Filter>
    </ClCompile>
    <ClCompile Include="..\Private\ParsingTool.cpp">
      <Filter>03.Tool\ParsingTool</Filter>
    </ClCompile>
    <ClCompile Include="..\Private\TestModel.cpp">
      <Filter>03.Tool\TestModel</Filter>
    </ClCompile>
    <ClCompile Include="..\Private\Level_Field.cpp">
      <Filter>01.Levels\Field</Filter>
    </ClCompile>
    <ClCompile Include="..\Private\Chr.cpp">
      <Filter>02.GameObjects\Chr</Filter>
    </ClCompile>
    <ClCompile Include="..\Private\Forklift.cpp">
      <Filter>02.GameObjects\Forklift</Filter>
    </ClCompile>
    <ClCompile Include="..\Private\Chr_Field.cpp">
      <Filter>02.GameObjects\Chr\Chr_Field</Filter>
    </ClCompile>
    <ClCompile Include="..\Private\Chr_Field_State_Idle.cpp">
      <Filter>02.GameObjects\Chr\Chr_Field\State\Chr_Field_State_Idle</Filter>
    </ClCompile>
    <ClCompile Include="..\Public\Chr_Field_State_Move.cpp">
      <Filter>02.GameObjects\Chr\Chr_Field\State\Chr_Field_State_Move</Filter>
    </ClCompile>
    <ClCompile Include="..\Private\Chr_Field_State_Walk.cpp">
      <Filter>02.GameObjects\Chr\Chr_Field\State\Chr_Field_State_Walk</Filter>
    </ClCompile>
    <ClCompile Include="..\Private\Chr_Field_State_Battle_Begin.cpp">
      <Filter>02.GameObjects\Chr\Chr_Field\State\Chr_Field_State_Battle_Begin</Filter>
    </ClCompile>
    <ClCompile Include="..\Private\Chr_Field_State_Item.cpp">
      <Filter>02.GameObjects\Chr\Chr_Field\State\Chr_Field_State_Item</Filter>
    </ClCompile>
  </ItemGroup>
  <ItemGroup>
    <Image Include="Client.ico">
      <Filter>98.Default\Default</Filter>
    </Image>
    <Image Include="small.ico">
      <Filter>98.Default\Default</Filter>
    </Image>
  </ItemGroup>
  <ItemGroup>
    <ResourceCompile Include="Client.rc">
      <Filter>98.Default\Default</Filter>
    </ResourceCompile>
  </ItemGroup>
  <ItemGroup>
    <Text Include="ReadMe.txt">
      <Filter>98.Default\Default</Filter>
    </Text>
  </ItemGroup>
  <ItemGroup>
    <FxCompile Include="..\Bin\ShaderFiles\Shader_VtxPosTex.hlsl">
      <Filter>97.ShaderFiles</Filter>
    </FxCompile>
    <FxCompile Include="..\Bin\ShaderFiles\Shader_VtxPos.hlsl">
      <Filter>97.ShaderFiles</Filter>
    </FxCompile>
    <FxCompile Include="..\Bin\ShaderFiles\Shader_VtxNorTex.hlsl">
      <Filter>97.ShaderFiles</Filter>
    </FxCompile>
    <FxCompile Include="..\Bin\ShaderFiles\Shader_VtxModel.hlsl">
      <Filter>97.ShaderFiles</Filter>
    </FxCompile>
    <FxCompile Include="..\Bin\ShaderFiles\Shader_VtxAnimModel.hlsl">
      <Filter>97.ShaderFiles</Filter>
    </FxCompile>
  </ItemGroup>
</Project>